// !$*UTF8*$!
{
	archiveVersion = 1;
	classes = {
	};
	objectVersion = 50;
	objects = {

/* Begin PBXBuildFile section */
		A02C7CA32099A3A300B6E4FD /* CategoryCollectionViewCell.swift in Sources */ = {isa = PBXBuildFile; fileRef = A02C7CA12099A3A300B6E4FD /* CategoryCollectionViewCell.swift */; };
		A02C7CA42099A3A300B6E4FD /* CategoryCollectionViewCell.xib in Resources */ = {isa = PBXBuildFile; fileRef = A02C7CA22099A3A300B6E4FD /* CategoryCollectionViewCell.xib */; };
		A02C7CE3209ADDB100B6E4FD /* ListCollectionViewCell.swift in Sources */ = {isa = PBXBuildFile; fileRef = A02C7CE1209ADDB100B6E4FD /* ListCollectionViewCell.swift */; };
		A02C7CE4209ADDB100B6E4FD /* ListCollectionViewCell.xib in Resources */ = {isa = PBXBuildFile; fileRef = A02C7CE2209ADDB100B6E4FD /* ListCollectionViewCell.xib */; };
		A02C7CE7209AE50600B6E4FD /* POMCollectionViewFlowLayout.swift in Sources */ = {isa = PBXBuildFile; fileRef = A02C7CE6209AE50600B6E4FD /* POMCollectionViewFlowLayout.swift */; };
		A02C7CE9209AFFC800B6E4FD /* ItemList.swift in Sources */ = {isa = PBXBuildFile; fileRef = A02C7CE8209AFFC800B6E4FD /* ItemList.swift */; };
		A05E35992096EC2F00DCBCAA /* AppDelegate.swift in Sources */ = {isa = PBXBuildFile; fileRef = A05E35982096EC2F00DCBCAA /* AppDelegate.swift */; };
		A05E359B2096EC2F00DCBCAA /* LoginViewController.swift in Sources */ = {isa = PBXBuildFile; fileRef = A05E359A2096EC2F00DCBCAA /* LoginViewController.swift */; };
		A05E359E2096EC2F00DCBCAA /* Main.storyboard in Resources */ = {isa = PBXBuildFile; fileRef = A05E359C2096EC2F00DCBCAA /* Main.storyboard */; };
		A05E35A02096EC3000DCBCAA /* Assets.xcassets in Resources */ = {isa = PBXBuildFile; fileRef = A05E359F2096EC3000DCBCAA /* Assets.xcassets */; };
		A05E35A32096EC3000DCBCAA /* LaunchScreen.storyboard in Resources */ = {isa = PBXBuildFile; fileRef = A05E35A12096EC3000DCBCAA /* LaunchScreen.storyboard */; };
		A05E35AF2096F0BD00DCBCAA /* Login.storyboard in Resources */ = {isa = PBXBuildFile; fileRef = A05E35AE2096F0BD00DCBCAA /* Login.storyboard */; };
		A05E35B72096F35500DCBCAA /* TabBarViewController.swift in Sources */ = {isa = PBXBuildFile; fileRef = A05E35B62096F35500DCBCAA /* TabBarViewController.swift */; };
		A05E35B92096F5F300DCBCAA /* GoogleService-Info.plist in Resources */ = {isa = PBXBuildFile; fileRef = A05E35B82096F5F300DCBCAA /* GoogleService-Info.plist */; };
		A05E35BD2097011D00DCBCAA /* RegisterViewController.swift in Sources */ = {isa = PBXBuildFile; fileRef = A05E35BC2097011D00DCBCAA /* RegisterViewController.swift */; };
		A05E35C02097039100DCBCAA /* ProjectNavigationController.swift in Sources */ = {isa = PBXBuildFile; fileRef = A05E35BF2097039100DCBCAA /* ProjectNavigationController.swift */; };
		A05E35C420971D8600DCBCAA /* UIStoryboard_abby.swift in Sources */ = {isa = PBXBuildFile; fileRef = A05E35C320971D8600DCBCAA /* UIStoryboard_abby.swift */; };
		A05E35C620980F6100DCBCAA /* ReferenceCode.swift in Sources */ = {isa = PBXBuildFile; fileRef = A05E35C520980F6100DCBCAA /* ReferenceCode.swift */; };
		A05E35C82098139E00DCBCAA /* ItemList.storyboard in Resources */ = {isa = PBXBuildFile; fileRef = A05E35C72098139E00DCBCAA /* ItemList.storyboard */; };
		A05E35CB2098146C00DCBCAA /* ItemListViewController.swift in Sources */ = {isa = PBXBuildFile; fileRef = A05E35CA2098146C00DCBCAA /* ItemListViewController.swift */; };
		A05E35D1209832BA00DCBCAA /* InStock.storyboard in Resources */ = {isa = PBXBuildFile; fileRef = A05E35D0209832BA00DCBCAA /* InStock.storyboard */; };
		A05E35D3209832CD00DCBCAA /* Profile.storyboard in Resources */ = {isa = PBXBuildFile; fileRef = A05E35D2209832CD00DCBCAA /* Profile.storyboard */; };
		A05E35D5209832E100DCBCAA /* AlertList.storyboard in Resources */ = {isa = PBXBuildFile; fileRef = A05E35D4209832E100DCBCAA /* AlertList.storyboard */; };
		A05E35D820984B2A00DCBCAA /* ItemListTableViewCell.swift in Sources */ = {isa = PBXBuildFile; fileRef = A05E35D620984B2A00DCBCAA /* ItemListTableViewCell.swift */; };
		A05E35D920984B2A00DCBCAA /* ItemListTableViewCell.xib in Resources */ = {isa = PBXBuildFile; fileRef = A05E35D720984B2A00DCBCAA /* ItemListTableViewCell.xib */; };
		A05E35DD2098638400DCBCAA /* FirebaseManager.swift in Sources */ = {isa = PBXBuildFile; fileRef = A05E35DC2098638400DCBCAA /* FirebaseManager.swift */; };
		A05E35E02098815000DCBCAA /* ProfileViewController.swift in Sources */ = {isa = PBXBuildFile; fileRef = A05E35DF2098815000DCBCAA /* ProfileViewController.swift */; };
		A05E35E32098819100DCBCAA /* AlertListViewController.swift in Sources */ = {isa = PBXBuildFile; fileRef = A05E35E22098819100DCBCAA /* AlertListViewController.swift */; };
		A05E35E62098820300DCBCAA /* InStockViewController.swift in Sources */ = {isa = PBXBuildFile; fileRef = A05E35E52098820300DCBCAA /* InStockViewController.swift */; };
		CFF6BC532F9112AB8D90A707 /* Pods_project_2.framework in Frameworks */ = {isa = PBXBuildFile; fileRef = 0571AB839F0255401469E6A3 /* Pods_project_2.framework */; };
/* End PBXBuildFile section */

/* Begin PBXFileReference section */
		0571AB839F0255401469E6A3 /* Pods_project_2.framework */ = {isa = PBXFileReference; explicitFileType = wrapper.framework; includeInIndex = 0; path = Pods_project_2.framework; sourceTree = BUILT_PRODUCTS_DIR; };
		0DE3906EB93097C3ADB215CF /* Pods-project_2.release.xcconfig */ = {isa = PBXFileReference; includeInIndex = 1; lastKnownFileType = text.xcconfig; name = "Pods-project_2.release.xcconfig"; path = "Pods/Target Support Files/Pods-project_2/Pods-project_2.release.xcconfig"; sourceTree = "<group>"; };
		1A0C923A29A77B3FEFA5512B /* Pods-project_2.debug.xcconfig */ = {isa = PBXFileReference; includeInIndex = 1; lastKnownFileType = text.xcconfig; name = "Pods-project_2.debug.xcconfig"; path = "Pods/Target Support Files/Pods-project_2/Pods-project_2.debug.xcconfig"; sourceTree = "<group>"; };
		A02C7CA12099A3A300B6E4FD /* CategoryCollectionViewCell.swift */ = {isa = PBXFileReference; lastKnownFileType = sourcecode.swift; path = CategoryCollectionViewCell.swift; sourceTree = "<group>"; };
		A02C7CA22099A3A300B6E4FD /* CategoryCollectionViewCell.xib */ = {isa = PBXFileReference; lastKnownFileType = file.xib; path = CategoryCollectionViewCell.xib; sourceTree = "<group>"; };
		A02C7CE1209ADDB100B6E4FD /* ListCollectionViewCell.swift */ = {isa = PBXFileReference; lastKnownFileType = sourcecode.swift; path = ListCollectionViewCell.swift; sourceTree = "<group>"; };
		A02C7CE2209ADDB100B6E4FD /* ListCollectionViewCell.xib */ = {isa = PBXFileReference; lastKnownFileType = file.xib; path = ListCollectionViewCell.xib; sourceTree = "<group>"; };
		A02C7CE6209AE50600B6E4FD /* POMCollectionViewFlowLayout.swift */ = {isa = PBXFileReference; lastKnownFileType = sourcecode.swift; path = POMCollectionViewFlowLayout.swift; sourceTree = "<group>"; };
		A02C7CE8209AFFC800B6E4FD /* ItemList.swift */ = {isa = PBXFileReference; lastKnownFileType = sourcecode.swift; path = ItemList.swift; sourceTree = "<group>"; };
		A05E35952096EC2F00DCBCAA /* project_2.app */ = {isa = PBXFileReference; explicitFileType = wrapper.application; includeInIndex = 0; path = project_2.app; sourceTree = BUILT_PRODUCTS_DIR; };
		A05E35982096EC2F00DCBCAA /* AppDelegate.swift */ = {isa = PBXFileReference; lastKnownFileType = sourcecode.swift; path = AppDelegate.swift; sourceTree = "<group>"; };
		A05E359A2096EC2F00DCBCAA /* LoginViewController.swift */ = {isa = PBXFileReference; lastKnownFileType = sourcecode.swift; path = LoginViewController.swift; sourceTree = "<group>"; };
		A05E359D2096EC2F00DCBCAA /* Base */ = {isa = PBXFileReference; lastKnownFileType = file.storyboard; name = Base; path = Base.lproj/Main.storyboard; sourceTree = "<group>"; };
		A05E359F2096EC3000DCBCAA /* Assets.xcassets */ = {isa = PBXFileReference; lastKnownFileType = folder.assetcatalog; path = Assets.xcassets; sourceTree = "<group>"; };
		A05E35A22096EC3000DCBCAA /* Base */ = {isa = PBXFileReference; lastKnownFileType = file.storyboard; name = Base; path = Base.lproj/LaunchScreen.storyboard; sourceTree = "<group>"; };
		A05E35A42096EC3000DCBCAA /* Info.plist */ = {isa = PBXFileReference; lastKnownFileType = text.plist.xml; path = Info.plist; sourceTree = "<group>"; };
		A05E35AE2096F0BD00DCBCAA /* Login.storyboard */ = {isa = PBXFileReference; lastKnownFileType = file.storyboard; path = Login.storyboard; sourceTree = "<group>"; };
		A05E35B62096F35500DCBCAA /* TabBarViewController.swift */ = {isa = PBXFileReference; lastKnownFileType = sourcecode.swift; path = TabBarViewController.swift; sourceTree = "<group>"; };
		A05E35B82096F5F300DCBCAA /* GoogleService-Info.plist */ = {isa = PBXFileReference; fileEncoding = 4; lastKnownFileType = text.plist.xml; path = "GoogleService-Info.plist"; sourceTree = "<group>"; };
		A05E35BC2097011D00DCBCAA /* RegisterViewController.swift */ = {isa = PBXFileReference; lastKnownFileType = sourcecode.swift; path = RegisterViewController.swift; sourceTree = "<group>"; };
		A05E35BF2097039100DCBCAA /* ProjectNavigationController.swift */ = {isa = PBXFileReference; lastKnownFileType = sourcecode.swift; path = ProjectNavigationController.swift; sourceTree = "<group>"; };
		A05E35C320971D8600DCBCAA /* UIStoryboard_abby.swift */ = {isa = PBXFileReference; lastKnownFileType = sourcecode.swift; path = UIStoryboard_abby.swift; sourceTree = "<group>"; };
		A05E35C520980F6100DCBCAA /* ReferenceCode.swift */ = {isa = PBXFileReference; lastKnownFileType = sourcecode.swift; path = ReferenceCode.swift; sourceTree = "<group>"; };
		A05E35C72098139E00DCBCAA /* ItemList.storyboard */ = {isa = PBXFileReference; lastKnownFileType = file.storyboard; path = ItemList.storyboard; sourceTree = "<group>"; };
		A05E35CA2098146C00DCBCAA /* ItemListViewController.swift */ = {isa = PBXFileReference; lastKnownFileType = sourcecode.swift; path = ItemListViewController.swift; sourceTree = "<group>"; };
		A05E35D0209832BA00DCBCAA /* InStock.storyboard */ = {isa = PBXFileReference; lastKnownFileType = file.storyboard; path = InStock.storyboard; sourceTree = "<group>"; };
		A05E35D2209832CD00DCBCAA /* Profile.storyboard */ = {isa = PBXFileReference; lastKnownFileType = file.storyboard; path = Profile.storyboard; sourceTree = "<group>"; };
		A05E35D4209832E100DCBCAA /* AlertList.storyboard */ = {isa = PBXFileReference; lastKnownFileType = file.storyboard; path = AlertList.storyboard; sourceTree = "<group>"; };
		A05E35D620984B2A00DCBCAA /* ItemListTableViewCell.swift */ = {isa = PBXFileReference; lastKnownFileType = sourcecode.swift; path = ItemListTableViewCell.swift; sourceTree = "<group>"; };
		A05E35D720984B2A00DCBCAA /* ItemListTableViewCell.xib */ = {isa = PBXFileReference; lastKnownFileType = file.xib; path = ItemListTableViewCell.xib; sourceTree = "<group>"; };
		A05E35DC2098638400DCBCAA /* FirebaseManager.swift */ = {isa = PBXFileReference; lastKnownFileType = sourcecode.swift; path = FirebaseManager.swift; sourceTree = "<group>"; };
		A05E35DF2098815000DCBCAA /* ProfileViewController.swift */ = {isa = PBXFileReference; lastKnownFileType = sourcecode.swift; path = ProfileViewController.swift; sourceTree = "<group>"; };
		A05E35E22098819100DCBCAA /* AlertListViewController.swift */ = {isa = PBXFileReference; lastKnownFileType = sourcecode.swift; path = AlertListViewController.swift; sourceTree = "<group>"; };
		A05E35E52098820300DCBCAA /* InStockViewController.swift */ = {isa = PBXFileReference; lastKnownFileType = sourcecode.swift; path = InStockViewController.swift; sourceTree = "<group>"; };
/* End PBXFileReference section */

/* Begin PBXFrameworksBuildPhase section */
		A05E35922096EC2F00DCBCAA /* Frameworks */ = {
			isa = PBXFrameworksBuildPhase;
			buildActionMask = 2147483647;
			files = (
				CFF6BC532F9112AB8D90A707 /* Pods_project_2.framework in Frameworks */,
			);
			runOnlyForDeploymentPostprocessing = 0;
		};
/* End PBXFrameworksBuildPhase section */

/* Begin PBXGroup section */
		1250233FF9391E91FEF6A323 /* Frameworks */ = {
			isa = PBXGroup;
			children = (
				0571AB839F0255401469E6A3 /* Pods_project_2.framework */,
			);
			name = Frameworks;
			sourceTree = "<group>";
		};
		A02C7CE5209AE4B100B6E4FD /* Support */ = {
			isa = PBXGroup;
			children = (
				A05E35C520980F6100DCBCAA /* ReferenceCode.swift */,
				A02C7CE6209AE50600B6E4FD /* POMCollectionViewFlowLayout.swift */,
				A02C7CE8209AFFC800B6E4FD /* ItemList.swift */,
			);
			path = Support;
			sourceTree = "<group>";
		};
		A02C7CEA209B0CBD00B6E4FD /* ItemCategoryList */ = {
			isa = PBXGroup;
			children = (
				A05E35D620984B2A00DCBCAA /* ItemListTableViewCell.swift */,
				A05E35D720984B2A00DCBCAA /* ItemListTableViewCell.xib */,
				A02C7CA12099A3A300B6E4FD /* CategoryCollectionViewCell.swift */,
				A02C7CA22099A3A300B6E4FD /* CategoryCollectionViewCell.xib */,
				A02C7CE1209ADDB100B6E4FD /* ListCollectionViewCell.swift */,
				A02C7CE2209ADDB100B6E4FD /* ListCollectionViewCell.xib */,
			);
			path = ItemCategoryList;
			sourceTree = "<group>";
		};
		A05E358C2096EC2F00DCBCAA = {
			isa = PBXGroup;
			children = (
				A05E35972096EC2F00DCBCAA /* project_2 */,
				A05E35962096EC2F00DCBCAA /* Products */,
				AA7B011706A67130921D1B79 /* Pods */,
				1250233FF9391E91FEF6A323 /* Frameworks */,
			);
			sourceTree = "<group>";
		};
		A05E35962096EC2F00DCBCAA /* Products */ = {
			isa = PBXGroup;
			children = (
				A05E35952096EC2F00DCBCAA /* project_2.app */,
			);
			name = Products;
			sourceTree = "<group>";
		};
		A05E35972096EC2F00DCBCAA /* project_2 */ = {
			isa = PBXGroup;
			children = (
				A05E35AB2096F02200DCBCAA /* Model */,
				A05E35AC2096F02B00DCBCAA /* View */,
				A05E35AD2096F03400DCBCAA /* Controller */,
				A05E35AA2096EFFA00DCBCAA /* Storyboard */,
				A05E35C220971D4C00DCBCAA /* Extension */,
				A02C7CE5209AE4B100B6E4FD /* Support */,
				A05E359F2096EC3000DCBCAA /* Assets.xcassets */,
				A05E35982096EC2F00DCBCAA /* AppDelegate.swift */,
				A05E35A12096EC3000DCBCAA /* LaunchScreen.storyboard */,
				A05E35A42096EC3000DCBCAA /* Info.plist */,
				A05E35B82096F5F300DCBCAA /* GoogleService-Info.plist */,
			);
			path = project_2;
			sourceTree = "<group>";
		};
		A05E35AA2096EFFA00DCBCAA /* Storyboard */ = {
			isa = PBXGroup;
			children = (
				A05E359C2096EC2F00DCBCAA /* Main.storyboard */,
				A05E35AE2096F0BD00DCBCAA /* Login.storyboard */,
				A05E35C72098139E00DCBCAA /* ItemList.storyboard */,
				A05E35D0209832BA00DCBCAA /* InStock.storyboard */,
				A05E35D2209832CD00DCBCAA /* Profile.storyboard */,
				A05E35D4209832E100DCBCAA /* AlertList.storyboard */,
			);
			path = Storyboard;
			sourceTree = "<group>";
		};
		A05E35AB2096F02200DCBCAA /* Model */ = {
			isa = PBXGroup;
			children = (
				A05E35DC2098638400DCBCAA /* FirebaseManager.swift */,
			);
			path = Model;
			sourceTree = "<group>";
		};
		A05E35AC2096F02B00DCBCAA /* View */ = {
			isa = PBXGroup;
			children = (
				A02C7CEA209B0CBD00B6E4FD /* ItemCategoryList */,
			);
			path = View;
			sourceTree = "<group>";
		};
		A05E35AD2096F03400DCBCAA /* Controller */ = {
			isa = PBXGroup;
			children = (
				A05E35E4209881EC00DCBCAA /* InStock */,
				A05E35E12098817500DCBCAA /* AlertList */,
				A05E35DE2098813600DCBCAA /* Profile */,
				A05E35C9209813B100DCBCAA /* ItemList */,
				A05E35BE2097035400DCBCAA /* Navigate */,
				A05E35B12096F1A300DCBCAA /* TabBar */,
				A05E35B02096F12900DCBCAA /* Login */,
			);
			path = Controller;
			sourceTree = "<group>";
		};
		A05E35B02096F12900DCBCAA /* Login */ = {
			isa = PBXGroup;
			children = (
				A05E359A2096EC2F00DCBCAA /* LoginViewController.swift */,
				A05E35BC2097011D00DCBCAA /* RegisterViewController.swift */,
			);
			path = Login;
			sourceTree = "<group>";
		};
		A05E35B12096F1A300DCBCAA /* TabBar */ = {
			isa = PBXGroup;
			children = (
				A05E35B62096F35500DCBCAA /* TabBarViewController.swift */,
			);
			path = TabBar;
			sourceTree = "<group>";
		};
		A05E35BE2097035400DCBCAA /* Navigate */ = {
			isa = PBXGroup;
			children = (
				A05E35BF2097039100DCBCAA /* ProjectNavigationController.swift */,
			);
			path = Navigate;
			sourceTree = "<group>";
		};
		A05E35C220971D4C00DCBCAA /* Extension */ = {
			isa = PBXGroup;
			children = (
				A05E35C320971D8600DCBCAA /* UIStoryboard_abby.swift */,
			);
			path = Extension;
			sourceTree = "<group>";
		};
		A05E35C9209813B100DCBCAA /* ItemList */ = {
			isa = PBXGroup;
			children = (
				A05E35CA2098146C00DCBCAA /* ItemListViewController.swift */,
			);
			path = ItemList;
			sourceTree = "<group>";
		};
		A05E35DE2098813600DCBCAA /* Profile */ = {
			isa = PBXGroup;
			children = (
				A05E35DF2098815000DCBCAA /* ProfileViewController.swift */,
			);
			path = Profile;
			sourceTree = "<group>";
		};
		A05E35E12098817500DCBCAA /* AlertList */ = {
			isa = PBXGroup;
			children = (
				A05E35E22098819100DCBCAA /* AlertListViewController.swift */,
			);
			path = AlertList;
			sourceTree = "<group>";
		};
		A05E35E4209881EC00DCBCAA /* InStock */ = {
			isa = PBXGroup;
			children = (
				A05E35E52098820300DCBCAA /* InStockViewController.swift */,
			);
			path = InStock;
			sourceTree = "<group>";
		};
		AA7B011706A67130921D1B79 /* Pods */ = {
			isa = PBXGroup;
			children = (
				1A0C923A29A77B3FEFA5512B /* Pods-project_2.debug.xcconfig */,
				0DE3906EB93097C3ADB215CF /* Pods-project_2.release.xcconfig */,
			);
			name = Pods;
			sourceTree = "<group>";
		};
/* End PBXGroup section */

/* Begin PBXNativeTarget section */
		A05E35942096EC2F00DCBCAA /* project_2 */ = {
			isa = PBXNativeTarget;
			buildConfigurationList = A05E35A72096EC3000DCBCAA /* Build configuration list for PBXNativeTarget "project_2" */;
			buildPhases = (
				A02C7CA02099931000B6E4FD /* ShellScript */,
				56D49D59D6A7C6A184C4427E /* [CP] Check Pods Manifest.lock */,
				A05E35912096EC2F00DCBCAA /* Sources */,
				A05E35922096EC2F00DCBCAA /* Frameworks */,
				A05E35932096EC2F00DCBCAA /* Resources */,
				31A00893E1B96BDAB66845D1 /* [CP] Embed Pods Frameworks */,
				1F7B4AB317789F0EB9AFD516 /* [CP] Copy Pods Resources */,
			);
			buildRules = (
			);
			dependencies = (
			);
			name = project_2;
			productName = project_2;
			productReference = A05E35952096EC2F00DCBCAA /* project_2.app */;
			productType = "com.apple.product-type.application";
		};
/* End PBXNativeTarget section */

/* Begin PBXProject section */
		A05E358D2096EC2F00DCBCAA /* Project object */ = {
			isa = PBXProject;
			attributes = {
				LastSwiftUpdateCheck = 0930;
				LastUpgradeCheck = 0930;
				ORGANIZATIONNAME = "李思瑩";
				TargetAttributes = {
					A05E35942096EC2F00DCBCAA = {
						CreatedOnToolsVersion = 9.3;
					};
				};
			};
			buildConfigurationList = A05E35902096EC2F00DCBCAA /* Build configuration list for PBXProject "project_2" */;
			compatibilityVersion = "Xcode 9.3";
			developmentRegion = en;
			hasScannedForEncodings = 0;
			knownRegions = (
				en,
				Base,
			);
			mainGroup = A05E358C2096EC2F00DCBCAA;
			productRefGroup = A05E35962096EC2F00DCBCAA /* Products */;
			projectDirPath = "";
			projectRoot = "";
			targets = (
				A05E35942096EC2F00DCBCAA /* project_2 */,
			);
		};
/* End PBXProject section */

/* Begin PBXResourcesBuildPhase section */
		A05E35932096EC2F00DCBCAA /* Resources */ = {
			isa = PBXResourcesBuildPhase;
			buildActionMask = 2147483647;
			files = (
				A05E35AF2096F0BD00DCBCAA /* Login.storyboard in Resources */,
				A05E35A32096EC3000DCBCAA /* LaunchScreen.storyboard in Resources */,
				A05E35B92096F5F300DCBCAA /* GoogleService-Info.plist in Resources */,
				A05E35C82098139E00DCBCAA /* ItemList.storyboard in Resources */,
				A05E35D1209832BA00DCBCAA /* InStock.storyboard in Resources */,
				A02C7CE4209ADDB100B6E4FD /* ListCollectionViewCell.xib in Resources */,
				A05E35A02096EC3000DCBCAA /* Assets.xcassets in Resources */,
				A05E35D3209832CD00DCBCAA /* Profile.storyboard in Resources */,
				A02C7CA42099A3A300B6E4FD /* CategoryCollectionViewCell.xib in Resources */,
				A05E359E2096EC2F00DCBCAA /* Main.storyboard in Resources */,
				A05E35D920984B2A00DCBCAA /* ItemListTableViewCell.xib in Resources */,
				A05E35D5209832E100DCBCAA /* AlertList.storyboard in Resources */,
			);
			runOnlyForDeploymentPostprocessing = 0;
		};
/* End PBXResourcesBuildPhase section */

/* Begin PBXShellScriptBuildPhase section */
		1F7B4AB317789F0EB9AFD516 /* [CP] Copy Pods Resources */ = {
			isa = PBXShellScriptBuildPhase;
			buildActionMask = 2147483647;
			files = (
			);
			inputPaths = (
				"${SRCROOT}/Pods/Target Support Files/Pods-project_2/Pods-project_2-resources.sh",
				"${PODS_CONFIGURATION_BUILD_DIR}/FirebaseUI/FirebaseAuthUI.bundle",
			);
			name = "[CP] Copy Pods Resources";
			outputPaths = (
				"${TARGET_BUILD_DIR}/${UNLOCALIZED_RESOURCES_FOLDER_PATH}/FirebaseAuthUI.bundle",
			);
			runOnlyForDeploymentPostprocessing = 0;
			shellPath = /bin/sh;
			shellScript = "\"${SRCROOT}/Pods/Target Support Files/Pods-project_2/Pods-project_2-resources.sh\"\n";
			showEnvVarsInLog = 0;
		};
		31A00893E1B96BDAB66845D1 /* [CP] Embed Pods Frameworks */ = {
			isa = PBXShellScriptBuildPhase;
			buildActionMask = 2147483647;
			files = (
			);
			inputPaths = (
				"${SRCROOT}/Pods/Target Support Files/Pods-project_2/Pods-project_2-frameworks.sh",
				"${BUILT_PRODUCTS_DIR}/GTMSessionFetcher/GTMSessionFetcher.framework",
				"${BUILT_PRODUCTS_DIR}/GoogleToolboxForMac/GoogleToolboxForMac.framework",
				"${BUILT_PRODUCTS_DIR}/SDWebImage/SDWebImage.framework",
				"${BUILT_PRODUCTS_DIR}/ZHDropDownMenu/ZHDropDownMenu.framework",
				"${BUILT_PRODUCTS_DIR}/leveldb-library/leveldb.framework",
				"${BUILT_PRODUCTS_DIR}/nanopb/nanopb.framework",
			);
			name = "[CP] Embed Pods Frameworks";
			outputPaths = (
				"${TARGET_BUILD_DIR}/${FRAMEWORKS_FOLDER_PATH}/GTMSessionFetcher.framework",
				"${TARGET_BUILD_DIR}/${FRAMEWORKS_FOLDER_PATH}/GoogleToolboxForMac.framework",
				"${TARGET_BUILD_DIR}/${FRAMEWORKS_FOLDER_PATH}/SDWebImage.framework",
				"${TARGET_BUILD_DIR}/${FRAMEWORKS_FOLDER_PATH}/ZHDropDownMenu.framework",
				"${TARGET_BUILD_DIR}/${FRAMEWORKS_FOLDER_PATH}/leveldb.framework",
				"${TARGET_BUILD_DIR}/${FRAMEWORKS_FOLDER_PATH}/nanopb.framework",
			);
			runOnlyForDeploymentPostprocessing = 0;
			shellPath = /bin/sh;
			shellScript = "\"${SRCROOT}/Pods/Target Support Files/Pods-project_2/Pods-project_2-frameworks.sh\"\n";
			showEnvVarsInLog = 0;
		};
		56D49D59D6A7C6A184C4427E /* [CP] Check Pods Manifest.lock */ = {
			isa = PBXShellScriptBuildPhase;
			buildActionMask = 2147483647;
			files = (
			);
			inputPaths = (
				"${PODS_PODFILE_DIR_PATH}/Podfile.lock",
				"${PODS_ROOT}/Manifest.lock",
			);
			name = "[CP] Check Pods Manifest.lock";
			outputPaths = (
				"$(DERIVED_FILE_DIR)/Pods-project_2-checkManifestLockResult.txt",
			);
			runOnlyForDeploymentPostprocessing = 0;
			shellPath = /bin/sh;
			shellScript = "diff \"${PODS_PODFILE_DIR_PATH}/Podfile.lock\" \"${PODS_ROOT}/Manifest.lock\" > /dev/null\nif [ $? != 0 ] ; then\n    # print error to STDERR\n    echo \"error: The sandbox is not in sync with the Podfile.lock. Run 'pod install' or update your CocoaPods installation.\" >&2\n    exit 1\nfi\n# This output is used by Xcode 'outputs' to avoid re-running this script phase.\necho \"SUCCESS\" > \"${SCRIPT_OUTPUT_FILE_0}\"\n";
			showEnvVarsInLog = 0;
		};
		A02C7CA02099931000B6E4FD /* ShellScript */ = {
			isa = PBXShellScriptBuildPhase;
			buildActionMask = 2147483647;
			files = (
			);
			inputPaths = (
			);
			outputPaths = (
			);
			runOnlyForDeploymentPostprocessing = 0;
			shellPath = /bin/sh;
			shellScript = "\"${PODS_ROOT}/SwiftLint/swiftlint\"";
		};
/* End PBXShellScriptBuildPhase section */

/* Begin PBXSourcesBuildPhase section */
		A05E35912096EC2F00DCBCAA /* Sources */ = {
			isa = PBXSourcesBuildPhase;
			buildActionMask = 2147483647;
			files = (
				A05E35DD2098638400DCBCAA /* FirebaseManager.swift in Sources */,
				A05E35C02097039100DCBCAA /* ProjectNavigationController.swift in Sources */,
				A05E35CB2098146C00DCBCAA /* ItemListViewController.swift in Sources */,
				A05E35D820984B2A00DCBCAA /* ItemListTableViewCell.swift in Sources */,
				A05E35E62098820300DCBCAA /* InStockViewController.swift in Sources */,
				A05E35C620980F6100DCBCAA /* ReferenceCode.swift in Sources */,
				A02C7CE3209ADDB100B6E4FD /* ListCollectionViewCell.swift in Sources */,
				A05E359B2096EC2F00DCBCAA /* LoginViewController.swift in Sources */,
				A05E35B72096F35500DCBCAA /* TabBarViewController.swift in Sources */,
				A02C7CE7209AE50600B6E4FD /* POMCollectionViewFlowLayout.swift in Sources */,
				A02C7CA32099A3A300B6E4FD /* CategoryCollectionViewCell.swift in Sources */,
				A05E35992096EC2F00DCBCAA /* AppDelegate.swift in Sources */,
				A05E35E02098815000DCBCAA /* ProfileViewController.swift in Sources */,
				A05E35C420971D8600DCBCAA /* UIStoryboard_abby.swift in Sources */,
				A05E35BD2097011D00DCBCAA /* RegisterViewController.swift in Sources */,
				A02C7CE9209AFFC800B6E4FD /* ItemList.swift in Sources */,
				A05E35E32098819100DCBCAA /* AlertListViewController.swift in Sources */,
			);
			runOnlyForDeploymentPostprocessing = 0;
		};
/* End PBXSourcesBuildPhase section */

/* Begin PBXVariantGroup section */
		A05E359C2096EC2F00DCBCAA /* Main.storyboard */ = {
			isa = PBXVariantGroup;
			children = (
				A05E359D2096EC2F00DCBCAA /* Base */,
			);
			name = Main.storyboard;
			sourceTree = "<group>";
		};
		A05E35A12096EC3000DCBCAA /* LaunchScreen.storyboard */ = {
			isa = PBXVariantGroup;
			children = (
				A05E35A22096EC3000DCBCAA /* Base */,
			);
			name = LaunchScreen.storyboard;
			sourceTree = "<group>";
		};
/* End PBXVariantGroup section */

/* Begin XCBuildConfiguration section */
		A05E35A52096EC3000DCBCAA /* Debug */ = {
			isa = XCBuildConfiguration;
			buildSettings = {
				ALWAYS_SEARCH_USER_PATHS = NO;
				CLANG_ANALYZER_NONNULL = YES;
				CLANG_ANALYZER_NUMBER_OBJECT_CONVERSION = YES_AGGRESSIVE;
				CLANG_CXX_LANGUAGE_STANDARD = "gnu++14";
				CLANG_CXX_LIBRARY = "libc++";
				CLANG_ENABLE_MODULES = YES;
				CLANG_ENABLE_OBJC_ARC = YES;
				CLANG_ENABLE_OBJC_WEAK = YES;
				CLANG_WARN_BLOCK_CAPTURE_AUTORELEASING = YES;
				CLANG_WARN_BOOL_CONVERSION = YES;
				CLANG_WARN_COMMA = YES;
				CLANG_WARN_CONSTANT_CONVERSION = YES;
				CLANG_WARN_DEPRECATED_OBJC_IMPLEMENTATIONS = YES;
				CLANG_WARN_DIRECT_OBJC_ISA_USAGE = YES_ERROR;
				CLANG_WARN_DOCUMENTATION_COMMENTS = YES;
				CLANG_WARN_EMPTY_BODY = YES;
				CLANG_WARN_ENUM_CONVERSION = YES;
				CLANG_WARN_INFINITE_RECURSION = YES;
				CLANG_WARN_INT_CONVERSION = YES;
				CLANG_WARN_NON_LITERAL_NULL_CONVERSION = YES;
				CLANG_WARN_OBJC_IMPLICIT_RETAIN_SELF = YES;
				CLANG_WARN_OBJC_LITERAL_CONVERSION = YES;
				CLANG_WARN_OBJC_ROOT_CLASS = YES_ERROR;
				CLANG_WARN_RANGE_LOOP_ANALYSIS = YES;
				CLANG_WARN_STRICT_PROTOTYPES = YES;
				CLANG_WARN_SUSPICIOUS_MOVE = YES;
				CLANG_WARN_UNGUARDED_AVAILABILITY = YES_AGGRESSIVE;
				CLANG_WARN_UNREACHABLE_CODE = YES;
				CLANG_WARN__DUPLICATE_METHOD_MATCH = YES;
				CODE_SIGN_IDENTITY = "iPhone Developer";
				COPY_PHASE_STRIP = NO;
				DEBUG_INFORMATION_FORMAT = dwarf;
				ENABLE_STRICT_OBJC_MSGSEND = YES;
				ENABLE_TESTABILITY = YES;
				GCC_C_LANGUAGE_STANDARD = gnu11;
				GCC_DYNAMIC_NO_PIC = NO;
				GCC_NO_COMMON_BLOCKS = YES;
				GCC_OPTIMIZATION_LEVEL = 0;
				GCC_PREPROCESSOR_DEFINITIONS = (
					"DEBUG=1",
					"$(inherited)",
				);
				GCC_WARN_64_TO_32_BIT_CONVERSION = YES;
				GCC_WARN_ABOUT_RETURN_TYPE = YES_ERROR;
				GCC_WARN_UNDECLARED_SELECTOR = YES;
				GCC_WARN_UNINITIALIZED_AUTOS = YES_AGGRESSIVE;
				GCC_WARN_UNUSED_FUNCTION = YES;
				GCC_WARN_UNUSED_VARIABLE = YES;
				IPHONEOS_DEPLOYMENT_TARGET = 11.3;
				MTL_ENABLE_DEBUG_INFO = YES;
				ONLY_ACTIVE_ARCH = YES;
				SDKROOT = iphoneos;
				SWIFT_ACTIVE_COMPILATION_CONDITIONS = DEBUG;
				SWIFT_OPTIMIZATION_LEVEL = "-Onone";
			};
			name = Debug;
		};
		A05E35A62096EC3000DCBCAA /* Release */ = {
			isa = XCBuildConfiguration;
			buildSettings = {
				ALWAYS_SEARCH_USER_PATHS = NO;
				CLANG_ANALYZER_NONNULL = YES;
				CLANG_ANALYZER_NUMBER_OBJECT_CONVERSION = YES_AGGRESSIVE;
				CLANG_CXX_LANGUAGE_STANDARD = "gnu++14";
				CLANG_CXX_LIBRARY = "libc++";
				CLANG_ENABLE_MODULES = YES;
				CLANG_ENABLE_OBJC_ARC = YES;
				CLANG_ENABLE_OBJC_WEAK = YES;
				CLANG_WARN_BLOCK_CAPTURE_AUTORELEASING = YES;
				CLANG_WARN_BOOL_CONVERSION = YES;
				CLANG_WARN_COMMA = YES;
				CLANG_WARN_CONSTANT_CONVERSION = YES;
				CLANG_WARN_DEPRECATED_OBJC_IMPLEMENTATIONS = YES;
				CLANG_WARN_DIRECT_OBJC_ISA_USAGE = YES_ERROR;
				CLANG_WARN_DOCUMENTATION_COMMENTS = YES;
				CLANG_WARN_EMPTY_BODY = YES;
				CLANG_WARN_ENUM_CONVERSION = YES;
				CLANG_WARN_INFINITE_RECURSION = YES;
				CLANG_WARN_INT_CONVERSION = YES;
				CLANG_WARN_NON_LITERAL_NULL_CONVERSION = YES;
				CLANG_WARN_OBJC_IMPLICIT_RETAIN_SELF = YES;
				CLANG_WARN_OBJC_LITERAL_CONVERSION = YES;
				CLANG_WARN_OBJC_ROOT_CLASS = YES_ERROR;
				CLANG_WARN_RANGE_LOOP_ANALYSIS = YES;
				CLANG_WARN_STRICT_PROTOTYPES = YES;
				CLANG_WARN_SUSPICIOUS_MOVE = YES;
				CLANG_WARN_UNGUARDED_AVAILABILITY = YES_AGGRESSIVE;
				CLANG_WARN_UNREACHABLE_CODE = YES;
				CLANG_WARN__DUPLICATE_METHOD_MATCH = YES;
				CODE_SIGN_IDENTITY = "iPhone Developer";
				COPY_PHASE_STRIP = NO;
				DEBUG_INFORMATION_FORMAT = "dwarf-with-dsym";
				ENABLE_NS_ASSERTIONS = NO;
				ENABLE_STRICT_OBJC_MSGSEND = YES;
				GCC_C_LANGUAGE_STANDARD = gnu11;
				GCC_NO_COMMON_BLOCKS = YES;
				GCC_WARN_64_TO_32_BIT_CONVERSION = YES;
				GCC_WARN_ABOUT_RETURN_TYPE = YES_ERROR;
				GCC_WARN_UNDECLARED_SELECTOR = YES;
				GCC_WARN_UNINITIALIZED_AUTOS = YES_AGGRESSIVE;
				GCC_WARN_UNUSED_FUNCTION = YES;
				GCC_WARN_UNUSED_VARIABLE = YES;
				IPHONEOS_DEPLOYMENT_TARGET = 11.3;
				MTL_ENABLE_DEBUG_INFO = NO;
				SDKROOT = iphoneos;
				SWIFT_COMPILATION_MODE = wholemodule;
				SWIFT_OPTIMIZATION_LEVEL = "-O";
				VALIDATE_PRODUCT = YES;
			};
			name = Release;
		};
		A05E35A82096EC3000DCBCAA /* Debug */ = {
			isa = XCBuildConfiguration;
			baseConfigurationReference = 1A0C923A29A77B3FEFA5512B /* Pods-project_2.debug.xcconfig */;
			buildSettings = {
				ASSETCATALOG_COMPILER_APPICON_NAME = AppIcon;
				CODE_SIGN_STYLE = Automatic;
				INFOPLIST_FILE = project_2/Info.plist;
				LD_RUNPATH_SEARCH_PATHS = (
					"$(inherited)",
					"@executable_path/Frameworks",
				);
				PRODUCT_BUNDLE_IDENTIFIER = "lsyabby.project-2";
				PRODUCT_NAME = "$(TARGET_NAME)";
				SWIFT_VERSION = 4.0;
				TARGETED_DEVICE_FAMILY = "1,2";
			};
			name = Debug;
		};
		A05E35A92096EC3000DCBCAA /* Release */ = {
			isa = XCBuildConfiguration;
			baseConfigurationReference = 0DE3906EB93097C3ADB215CF /* Pods-project_2.release.xcconfig */;
			buildSettings = {
				ASSETCATALOG_COMPILER_APPICON_NAME = AppIcon;
				CODE_SIGN_STYLE = Automatic;
				INFOPLIST_FILE = project_2/Info.plist;
				LD_RUNPATH_SEARCH_PATHS = (
					"$(inherited)",
					"@executable_path/Frameworks",
				);
				PRODUCT_BUNDLE_IDENTIFIER = "lsyabby.project-2";
				PRODUCT_NAME = "$(TARGET_NAME)";
				SWIFT_VERSION = 4.0;
				TARGETED_DEVICE_FAMILY = "1,2";
			};
			name = Release;
		};
/* End XCBuildConfiguration section */

/* Begin XCConfigurationList section */
		A05E35902096EC2F00DCBCAA /* Build configuration list for PBXProject "project_2" */ = {
			isa = XCConfigurationList;
			buildConfigurations = (
				A05E35A52096EC3000DCBCAA /* Debug */,
				A05E35A62096EC3000DCBCAA /* Release */,
			);
			defaultConfigurationIsVisible = 0;
			defaultConfigurationName = Release;
		};
		A05E35A72096EC3000DCBCAA /* Build configuration list for PBXNativeTarget "project_2" */ = {
			isa = XCConfigurationList;
			buildConfigurations = (
				A05E35A82096EC3000DCBCAA /* Debug */,
				A05E35A92096EC3000DCBCAA /* Release */,
			);
			defaultConfigurationIsVisible = 0;
			defaultConfigurationName = Release;
		};
/* End XCConfigurationList section */
	};
	rootObject = A05E358D2096EC2F00DCBCAA /* Project object */;
}
