// !$*UTF8*$!
{
	archiveVersion = 1;
	classes = {
	};
	objectVersion = 50;
	objects = {

/* Begin PBXBuildFile section */
		A001F92120C3C51E005DF0D4 /* loader_animation.json in Resources */ = {isa = PBXBuildFile; fileRef = A001F92020C3C51E005DF0D4 /* loader_animation.json */; };
		A002FD0620B73DDC008C5D72 /* UIView+Blur.swift in Sources */ = {isa = PBXBuildFile; fileRef = A002FD0520B73DDC008C5D72 /* UIView+Blur.swift */; };
		A002FD0820B9C8A6008C5D72 /* PrivacyViewController.swift in Sources */ = {isa = PBXBuildFile; fileRef = A002FD0720B9C8A6008C5D72 /* PrivacyViewController.swift */; };
		A002FD0B20B9D0CE008C5D72 /* PrivacyTableViewCell.swift in Sources */ = {isa = PBXBuildFile; fileRef = A002FD0A20B9D0CE008C5D72 /* PrivacyTableViewCell.swift */; };
		A003D1AA20A9489B005DE35A /* FirebaseManager.swift in Sources */ = {isa = PBXBuildFile; fileRef = A003D1A920A9489B005DE35A /* FirebaseManager.swift */; };
		A003D1AE20A9BBE4005DE35A /* AddImageViewController.swift in Sources */ = {isa = PBXBuildFile; fileRef = A003D1AD20A9BBE4005DE35A /* AddImageViewController.swift */; };
		A003D1B120AAD0EC005DE35A /* SearchItemViewController.swift in Sources */ = {isa = PBXBuildFile; fileRef = A003D1B020AAD0EC005DE35A /* SearchItemViewController.swift */; };
		A003D1B320AD77BA005DE35A /* LoginManager.swift in Sources */ = {isa = PBXBuildFile; fileRef = A003D1B220AD77BA005DE35A /* LoginManager.swift */; };
		A003D1B520AD8182005DE35A /* IKConstants.swift in Sources */ = {isa = PBXBuildFile; fileRef = A003D1B420AD8182005DE35A /* IKConstants.swift */; };
		A009991020BBDD7C00BA8655 /* GoogleService-Info.plist in Resources */ = {isa = PBXBuildFile; fileRef = A009990F20BBDD7C00BA8655 /* GoogleService-Info.plist */; };
		A009993220BD89AE00BA8655 /* RealmManager.swift in Sources */ = {isa = PBXBuildFile; fileRef = A009993120BD89AE00BA8655 /* RealmManager.swift */; };
		A009993420BD92B500BA8655 /* CAGradientLayer_abby.swift in Sources */ = {isa = PBXBuildFile; fileRef = A009993320BD92B500BA8655 /* CAGradientLayer_abby.swift */; };
		A009993620BD932A00BA8655 /* UNNotificationAttachment_abby.swift in Sources */ = {isa = PBXBuildFile; fileRef = A009993520BD932A00BA8655 /* UNNotificationAttachment_abby.swift */; };
		A009993920BE542E00BA8655 /* AlertTableViewCell.swift in Sources */ = {isa = PBXBuildFile; fileRef = A009993820BE542E00BA8655 /* AlertTableViewCell.swift */; };
		A02C7CA32099A3A300B6E4FD /* CategoryCollectionViewCell.swift in Sources */ = {isa = PBXBuildFile; fileRef = A02C7CA12099A3A300B6E4FD /* CategoryCollectionViewCell.swift */; };
		A02C7CA42099A3A300B6E4FD /* CategoryCollectionViewCell.xib in Resources */ = {isa = PBXBuildFile; fileRef = A02C7CA22099A3A300B6E4FD /* CategoryCollectionViewCell.xib */; };
		A02C7CE7209AE50600B6E4FD /* POMCollectionViewFlowLayout.swift in Sources */ = {isa = PBXBuildFile; fileRef = A02C7CE6209AE50600B6E4FD /* POMCollectionViewFlowLayout.swift */; };
		A02C7CE9209AFFC800B6E4FD /* ItemList.swift in Sources */ = {isa = PBXBuildFile; fileRef = A02C7CE8209AFFC800B6E4FD /* ItemList.swift */; };
		A02C7CF6209C5F4400B6E4FD /* DetailViewController.swift in Sources */ = {isa = PBXBuildFile; fileRef = A02C7CF5209C5F4400B6E4FD /* DetailViewController.swift */; };
		A02C7D05209CABC900B6E4FD /* DetailUpTableViewCell.swift in Sources */ = {isa = PBXBuildFile; fileRef = A02C7D03209CABC900B6E4FD /* DetailUpTableViewCell.swift */; };
		A02C7D06209CABC900B6E4FD /* DetailUpTableViewCell.xib in Resources */ = {isa = PBXBuildFile; fileRef = A02C7D04209CABC900B6E4FD /* DetailUpTableViewCell.xib */; };
		A02C7D09209CAE3C00B6E4FD /* DetailDownTableViewCell.swift in Sources */ = {isa = PBXBuildFile; fileRef = A02C7D07209CAE3C00B6E4FD /* DetailDownTableViewCell.swift */; };
		A02C7D0A209CAE3C00B6E4FD /* DetailDownTableViewCell.xib in Resources */ = {isa = PBXBuildFile; fileRef = A02C7D08209CAE3C00B6E4FD /* DetailDownTableViewCell.xib */; };
		A02C7D3A209EE5B400B6E4FD /* ItemCategoryViewController.swift in Sources */ = {isa = PBXBuildFile; fileRef = A02C7D39209EE5B400B6E4FD /* ItemCategoryViewController.swift */; };
		A02C7D5420A0880E00B6E4FD /* ListCategory.swift in Sources */ = {isa = PBXBuildFile; fileRef = A02C7D5320A0880E00B6E4FD /* ListCategory.swift */; };
		A02C7D7F20A2F3AE00B6E4FD /* ItemDetail.storyboard in Resources */ = {isa = PBXBuildFile; fileRef = A02C7D7E20A2F3AE00B6E4FD /* ItemDetail.storyboard */; };
		A02C7D8120A2F55900B6E4FD /* AddItemViewController.swift in Sources */ = {isa = PBXBuildFile; fileRef = A02C7D8020A2F55900B6E4FD /* AddItemViewController.swift */; };
		A02C7D8320A2FC1600B6E4FD /* AddItem.storyboard in Resources */ = {isa = PBXBuildFile; fileRef = A02C7D8220A2FC1600B6E4FD /* AddItem.storyboard */; };
		A02C7D8720A3333100B6E4FD /* BarcodeScannerViewController.swift in Sources */ = {isa = PBXBuildFile; fileRef = A02C7D8620A3333100B6E4FD /* BarcodeScannerViewController.swift */; };
		A05E35992096EC2F00DCBCAA /* AppDelegate.swift in Sources */ = {isa = PBXBuildFile; fileRef = A05E35982096EC2F00DCBCAA /* AppDelegate.swift */; };
		A05E359B2096EC2F00DCBCAA /* LoginViewController.swift in Sources */ = {isa = PBXBuildFile; fileRef = A05E359A2096EC2F00DCBCAA /* LoginViewController.swift */; };
		A05E359E2096EC2F00DCBCAA /* Main.storyboard in Resources */ = {isa = PBXBuildFile; fileRef = A05E359C2096EC2F00DCBCAA /* Main.storyboard */; };
		A05E35A02096EC3000DCBCAA /* Assets.xcassets in Resources */ = {isa = PBXBuildFile; fileRef = A05E359F2096EC3000DCBCAA /* Assets.xcassets */; };
		A05E35A32096EC3000DCBCAA /* LaunchScreen.storyboard in Resources */ = {isa = PBXBuildFile; fileRef = A05E35A12096EC3000DCBCAA /* LaunchScreen.storyboard */; };
		A05E35AF2096F0BD00DCBCAA /* Login.storyboard in Resources */ = {isa = PBXBuildFile; fileRef = A05E35AE2096F0BD00DCBCAA /* Login.storyboard */; };
		A05E35B72096F35500DCBCAA /* TabBarViewController.swift in Sources */ = {isa = PBXBuildFile; fileRef = A05E35B62096F35500DCBCAA /* TabBarViewController.swift */; };
		A05E35BD2097011D00DCBCAA /* RegisterViewController.swift in Sources */ = {isa = PBXBuildFile; fileRef = A05E35BC2097011D00DCBCAA /* RegisterViewController.swift */; };
		A05E35C420971D8600DCBCAA /* UIStoryboard_abby.swift in Sources */ = {isa = PBXBuildFile; fileRef = A05E35C320971D8600DCBCAA /* UIStoryboard_abby.swift */; };
		A05E35C620980F6100DCBCAA /* ReferenceCode.swift in Sources */ = {isa = PBXBuildFile; fileRef = A05E35C520980F6100DCBCAA /* ReferenceCode.swift */; };
		A05E35C82098139E00DCBCAA /* ItemList.storyboard in Resources */ = {isa = PBXBuildFile; fileRef = A05E35C72098139E00DCBCAA /* ItemList.storyboard */; };
		A05E35CB2098146C00DCBCAA /* ItemListViewController.swift in Sources */ = {isa = PBXBuildFile; fileRef = A05E35CA2098146C00DCBCAA /* ItemListViewController.swift */; };
		A05E35D5209832E100DCBCAA /* AlertList.storyboard in Resources */ = {isa = PBXBuildFile; fileRef = A05E35D4209832E100DCBCAA /* AlertList.storyboard */; };
		A05E35D820984B2A00DCBCAA /* ItemListTableViewCell.swift in Sources */ = {isa = PBXBuildFile; fileRef = A05E35D620984B2A00DCBCAA /* ItemListTableViewCell.swift */; };
		A05E35D920984B2A00DCBCAA /* ItemListTableViewCell.xib in Resources */ = {isa = PBXBuildFile; fileRef = A05E35D720984B2A00DCBCAA /* ItemListTableViewCell.xib */; };
		A05E35E02098815000DCBCAA /* ProfileViewController.swift in Sources */ = {isa = PBXBuildFile; fileRef = A05E35DF2098815000DCBCAA /* ProfileViewController.swift */; };
		A05E35E32098819100DCBCAA /* AlertListViewController.swift in Sources */ = {isa = PBXBuildFile; fileRef = A05E35E22098819100DCBCAA /* AlertListViewController.swift */; };
		A07B5C0820B2A83B0025ED82 /* loading.json in Resources */ = {isa = PBXBuildFile; fileRef = A07B5C0720B2A83B0025ED82 /* loading.json */; };
		A07B5C0C20B2B0D40025ED82 /* 3d_rotate_loading_animation.json in Resources */ = {isa = PBXBuildFile; fileRef = A07B5C0B20B2B0D40025ED82 /* 3d_rotate_loading_animation.json */; };
		A07B5C1020B2B5F70025ED82 /* Trash.storyboard in Resources */ = {isa = PBXBuildFile; fileRef = A07B5C0F20B2B5F70025ED82 /* Trash.storyboard */; };
		A07B5C1720B3D2CB0025ED82 /* ScanSearchViewController.swift in Sources */ = {isa = PBXBuildFile; fileRef = A07B5C1620B3D2CB0025ED82 /* ScanSearchViewController.swift */; };
		A07B5C1920B460C90025ED82 /* TrashViewController.swift in Sources */ = {isa = PBXBuildFile; fileRef = A07B5C1820B460C90025ED82 /* TrashViewController.swift */; };
		A07B5C1D20B460F30025ED82 /* TrashCollectionViewCell.swift in Sources */ = {isa = PBXBuildFile; fileRef = A07B5C1B20B460F30025ED82 /* TrashCollectionViewCell.swift */; };
		A07B5C1E20B460F30025ED82 /* TrashCollectionViewCell.xib in Resources */ = {isa = PBXBuildFile; fileRef = A07B5C1C20B460F30025ED82 /* TrashCollectionViewCell.xib */; };
		A0BD763420C514B0004A40A7 /* TotalViewController.swift in Sources */ = {isa = PBXBuildFile; fileRef = A0BD763320C514B0004A40A7 /* TotalViewController.swift */; };
		A0BD763620C51520004A40A7 /* FoodViewController.swift in Sources */ = {isa = PBXBuildFile; fileRef = A0BD763520C51520004A40A7 /* FoodViewController.swift */; };
		A0BD763820C51547004A40A7 /* MedicineViewController.swift in Sources */ = {isa = PBXBuildFile; fileRef = A0BD763720C51547004A40A7 /* MedicineViewController.swift */; };
		A0BD763A20C5157B004A40A7 /* MakeupViewController.swift in Sources */ = {isa = PBXBuildFile; fileRef = A0BD763920C5157B004A40A7 /* MakeupViewController.swift */; };
		A0BD763C20C515C9004A40A7 /* NecessaryViewController.swift in Sources */ = {isa = PBXBuildFile; fileRef = A0BD763B20C515C9004A40A7 /* NecessaryViewController.swift */; };
		A0BD763E20C515DA004A40A7 /* OthersViewController.swift in Sources */ = {isa = PBXBuildFile; fileRef = A0BD763D20C515DA004A40A7 /* OthersViewController.swift */; };
		A0BD764020C5162C004A40A7 /* TotalManager.swift in Sources */ = {isa = PBXBuildFile; fileRef = A0BD763F20C5162C004A40A7 /* TotalManager.swift */; };
		A0BD764720C63760004A40A7 /* ItemCategoryView.swift in Sources */ = {isa = PBXBuildFile; fileRef = A0BD764620C63760004A40A7 /* ItemCategoryView.swift */; };
		A0BD764C20C63CCD004A40A7 /* MedicineManager.swift in Sources */ = {isa = PBXBuildFile; fileRef = A0BD764B20C63CCD004A40A7 /* MedicineManager.swift */; };
		A0BD764E20C63ED7004A40A7 /* DateHandler.swift in Sources */ = {isa = PBXBuildFile; fileRef = A0BD764D20C63ED7004A40A7 /* DateHandler.swift */; };
		A0BD765120C65F04004A40A7 /* FoodManager.swift in Sources */ = {isa = PBXBuildFile; fileRef = A0BD765020C65F04004A40A7 /* FoodManager.swift */; };
		A0BD765320C661C8004A40A7 /* MakeupManager.swift in Sources */ = {isa = PBXBuildFile; fileRef = A0BD765220C661C8004A40A7 /* MakeupManager.swift */; };
		A0BD765520C661FE004A40A7 /* NecessaryManager.swift in Sources */ = {isa = PBXBuildFile; fileRef = A0BD765420C661FE004A40A7 /* NecessaryManager.swift */; };
		A0BD765720C66242004A40A7 /* OthersManager.swift in Sources */ = {isa = PBXBuildFile; fileRef = A0BD765620C66242004A40A7 /* OthersManager.swift */; };
		A0BD765A20C68927004A40A7 /* AllCategoryViewController.swift in Sources */ = {isa = PBXBuildFile; fileRef = A0BD765920C68927004A40A7 /* AllCategoryViewController.swift */; };
		A0BD767A20C8BF63004A40A7 /* ABDropDownMenu.swift in Sources */ = {isa = PBXBuildFile; fileRef = A0BD767920C8BF63004A40A7 /* ABDropDownMenu.swift */; };
		A0C170EA20AEFB2C009CBF18 /* EditViewController.swift in Sources */ = {isa = PBXBuildFile; fileRef = A0C170E920AEFB2C009CBF18 /* EditViewController.swift */; };
		CFF6BC532F9112AB8D90A707 /* Pods_project_2.framework in Frameworks */ = {isa = PBXBuildFile; fileRef = 0571AB839F0255401469E6A3 /* Pods_project_2.framework */; };
/* End PBXBuildFile section */

/* Begin PBXFileReference section */
		0571AB839F0255401469E6A3 /* Pods_project_2.framework */ = {isa = PBXFileReference; explicitFileType = wrapper.framework; includeInIndex = 0; path = Pods_project_2.framework; sourceTree = BUILT_PRODUCTS_DIR; };
		0DE3906EB93097C3ADB215CF /* Pods-project_2.release.xcconfig */ = {isa = PBXFileReference; includeInIndex = 1; lastKnownFileType = text.xcconfig; name = "Pods-project_2.release.xcconfig"; path = "Pods/Target Support Files/Pods-project_2/Pods-project_2.release.xcconfig"; sourceTree = "<group>"; };
		1A0C923A29A77B3FEFA5512B /* Pods-project_2.debug.xcconfig */ = {isa = PBXFileReference; includeInIndex = 1; lastKnownFileType = text.xcconfig; name = "Pods-project_2.debug.xcconfig"; path = "Pods/Target Support Files/Pods-project_2/Pods-project_2.debug.xcconfig"; sourceTree = "<group>"; };
		A001F92020C3C51E005DF0D4 /* loader_animation.json */ = {isa = PBXFileReference; fileEncoding = 4; lastKnownFileType = text.json; path = loader_animation.json; sourceTree = "<group>"; };
		A002FD0520B73DDC008C5D72 /* UIView+Blur.swift */ = {isa = PBXFileReference; lastKnownFileType = sourcecode.swift; path = "UIView+Blur.swift"; sourceTree = "<group>"; };
		A002FD0720B9C8A6008C5D72 /* PrivacyViewController.swift */ = {isa = PBXFileReference; lastKnownFileType = sourcecode.swift; path = PrivacyViewController.swift; sourceTree = "<group>"; };
		A002FD0A20B9D0CE008C5D72 /* PrivacyTableViewCell.swift */ = {isa = PBXFileReference; lastKnownFileType = sourcecode.swift; path = PrivacyTableViewCell.swift; sourceTree = "<group>"; };
		A003D1A920A9489B005DE35A /* FirebaseManager.swift */ = {isa = PBXFileReference; lastKnownFileType = sourcecode.swift; path = FirebaseManager.swift; sourceTree = "<group>"; };
		A003D1AD20A9BBE4005DE35A /* AddImageViewController.swift */ = {isa = PBXFileReference; lastKnownFileType = sourcecode.swift; path = AddImageViewController.swift; sourceTree = "<group>"; };
		A003D1B020AAD0EC005DE35A /* SearchItemViewController.swift */ = {isa = PBXFileReference; lastKnownFileType = sourcecode.swift; path = SearchItemViewController.swift; sourceTree = "<group>"; };
		A003D1B220AD77BA005DE35A /* LoginManager.swift */ = {isa = PBXFileReference; lastKnownFileType = sourcecode.swift; path = LoginManager.swift; sourceTree = "<group>"; };
		A003D1B420AD8182005DE35A /* IKConstants.swift */ = {isa = PBXFileReference; lastKnownFileType = sourcecode.swift; path = IKConstants.swift; sourceTree = "<group>"; };
		A009990F20BBDD7C00BA8655 /* GoogleService-Info.plist */ = {isa = PBXFileReference; fileEncoding = 4; lastKnownFileType = text.plist.xml; path = "GoogleService-Info.plist"; sourceTree = "<group>"; };
		A009993120BD89AE00BA8655 /* RealmManager.swift */ = {isa = PBXFileReference; lastKnownFileType = sourcecode.swift; path = RealmManager.swift; sourceTree = "<group>"; };
		A009993320BD92B500BA8655 /* CAGradientLayer_abby.swift */ = {isa = PBXFileReference; lastKnownFileType = sourcecode.swift; path = CAGradientLayer_abby.swift; sourceTree = "<group>"; };
		A009993520BD932A00BA8655 /* UNNotificationAttachment_abby.swift */ = {isa = PBXFileReference; lastKnownFileType = sourcecode.swift; path = UNNotificationAttachment_abby.swift; sourceTree = "<group>"; };
		A009993820BE542E00BA8655 /* AlertTableViewCell.swift */ = {isa = PBXFileReference; lastKnownFileType = sourcecode.swift; path = AlertTableViewCell.swift; sourceTree = "<group>"; };
		A02C7CA12099A3A300B6E4FD /* CategoryCollectionViewCell.swift */ = {isa = PBXFileReference; lastKnownFileType = sourcecode.swift; path = CategoryCollectionViewCell.swift; sourceTree = "<group>"; };
		A02C7CA22099A3A300B6E4FD /* CategoryCollectionViewCell.xib */ = {isa = PBXFileReference; lastKnownFileType = file.xib; path = CategoryCollectionViewCell.xib; sourceTree = "<group>"; };
		A02C7CE6209AE50600B6E4FD /* POMCollectionViewFlowLayout.swift */ = {isa = PBXFileReference; lastKnownFileType = sourcecode.swift; path = POMCollectionViewFlowLayout.swift; sourceTree = "<group>"; };
		A02C7CE8209AFFC800B6E4FD /* ItemList.swift */ = {isa = PBXFileReference; lastKnownFileType = sourcecode.swift; path = ItemList.swift; sourceTree = "<group>"; };
		A02C7CF5209C5F4400B6E4FD /* DetailViewController.swift */ = {isa = PBXFileReference; lastKnownFileType = sourcecode.swift; path = DetailViewController.swift; sourceTree = "<group>"; };
		A02C7D03209CABC900B6E4FD /* DetailUpTableViewCell.swift */ = {isa = PBXFileReference; lastKnownFileType = sourcecode.swift; path = DetailUpTableViewCell.swift; sourceTree = "<group>"; };
		A02C7D04209CABC900B6E4FD /* DetailUpTableViewCell.xib */ = {isa = PBXFileReference; lastKnownFileType = file.xib; path = DetailUpTableViewCell.xib; sourceTree = "<group>"; };
		A02C7D07209CAE3C00B6E4FD /* DetailDownTableViewCell.swift */ = {isa = PBXFileReference; lastKnownFileType = sourcecode.swift; path = DetailDownTableViewCell.swift; sourceTree = "<group>"; };
		A02C7D08209CAE3C00B6E4FD /* DetailDownTableViewCell.xib */ = {isa = PBXFileReference; lastKnownFileType = file.xib; path = DetailDownTableViewCell.xib; sourceTree = "<group>"; };
		A02C7D39209EE5B400B6E4FD /* ItemCategoryViewController.swift */ = {isa = PBXFileReference; lastKnownFileType = sourcecode.swift; path = ItemCategoryViewController.swift; sourceTree = "<group>"; };
		A02C7D5320A0880E00B6E4FD /* ListCategory.swift */ = {isa = PBXFileReference; lastKnownFileType = sourcecode.swift; path = ListCategory.swift; sourceTree = "<group>"; };
		A02C7D7E20A2F3AE00B6E4FD /* ItemDetail.storyboard */ = {isa = PBXFileReference; lastKnownFileType = file.storyboard; path = ItemDetail.storyboard; sourceTree = "<group>"; };
		A02C7D8020A2F55900B6E4FD /* AddItemViewController.swift */ = {isa = PBXFileReference; lastKnownFileType = sourcecode.swift; path = AddItemViewController.swift; sourceTree = "<group>"; };
		A02C7D8220A2FC1600B6E4FD /* AddItem.storyboard */ = {isa = PBXFileReference; lastKnownFileType = file.storyboard; path = AddItem.storyboard; sourceTree = "<group>"; };
		A02C7D8620A3333100B6E4FD /* BarcodeScannerViewController.swift */ = {isa = PBXFileReference; lastKnownFileType = sourcecode.swift; path = BarcodeScannerViewController.swift; sourceTree = "<group>"; };
		A05E35952096EC2F00DCBCAA /* project_2.app */ = {isa = PBXFileReference; explicitFileType = wrapper.application; includeInIndex = 0; path = project_2.app; sourceTree = BUILT_PRODUCTS_DIR; };
		A05E35982096EC2F00DCBCAA /* AppDelegate.swift */ = {isa = PBXFileReference; lastKnownFileType = sourcecode.swift; path = AppDelegate.swift; sourceTree = "<group>"; };
		A05E359A2096EC2F00DCBCAA /* LoginViewController.swift */ = {isa = PBXFileReference; lastKnownFileType = sourcecode.swift; path = LoginViewController.swift; sourceTree = "<group>"; };
		A05E359D2096EC2F00DCBCAA /* Base */ = {isa = PBXFileReference; lastKnownFileType = file.storyboard; name = Base; path = Base.lproj/Main.storyboard; sourceTree = "<group>"; };
		A05E359F2096EC3000DCBCAA /* Assets.xcassets */ = {isa = PBXFileReference; lastKnownFileType = folder.assetcatalog; path = Assets.xcassets; sourceTree = "<group>"; };
		A05E35A22096EC3000DCBCAA /* Base */ = {isa = PBXFileReference; lastKnownFileType = file.storyboard; name = Base; path = Base.lproj/LaunchScreen.storyboard; sourceTree = "<group>"; };
		A05E35A42096EC3000DCBCAA /* Info.plist */ = {isa = PBXFileReference; lastKnownFileType = text.plist.xml; path = Info.plist; sourceTree = "<group>"; };
		A05E35AE2096F0BD00DCBCAA /* Login.storyboard */ = {isa = PBXFileReference; lastKnownFileType = file.storyboard; path = Login.storyboard; sourceTree = "<group>"; };
		A05E35B62096F35500DCBCAA /* TabBarViewController.swift */ = {isa = PBXFileReference; lastKnownFileType = sourcecode.swift; path = TabBarViewController.swift; sourceTree = "<group>"; };
		A05E35BC2097011D00DCBCAA /* RegisterViewController.swift */ = {isa = PBXFileReference; lastKnownFileType = sourcecode.swift; path = RegisterViewController.swift; sourceTree = "<group>"; };
		A05E35C320971D8600DCBCAA /* UIStoryboard_abby.swift */ = {isa = PBXFileReference; lastKnownFileType = sourcecode.swift; path = UIStoryboard_abby.swift; sourceTree = "<group>"; };
		A05E35C520980F6100DCBCAA /* ReferenceCode.swift */ = {isa = PBXFileReference; lastKnownFileType = sourcecode.swift; path = ReferenceCode.swift; sourceTree = "<group>"; };
		A05E35C72098139E00DCBCAA /* ItemList.storyboard */ = {isa = PBXFileReference; lastKnownFileType = file.storyboard; path = ItemList.storyboard; sourceTree = "<group>"; };
		A05E35CA2098146C00DCBCAA /* ItemListViewController.swift */ = {isa = PBXFileReference; lastKnownFileType = sourcecode.swift; path = ItemListViewController.swift; sourceTree = "<group>"; };
		A05E35D4209832E100DCBCAA /* AlertList.storyboard */ = {isa = PBXFileReference; lastKnownFileType = file.storyboard; path = AlertList.storyboard; sourceTree = "<group>"; };
		A05E35D620984B2A00DCBCAA /* ItemListTableViewCell.swift */ = {isa = PBXFileReference; lastKnownFileType = sourcecode.swift; path = ItemListTableViewCell.swift; sourceTree = "<group>"; };
		A05E35D720984B2A00DCBCAA /* ItemListTableViewCell.xib */ = {isa = PBXFileReference; lastKnownFileType = file.xib; path = ItemListTableViewCell.xib; sourceTree = "<group>"; };
		A05E35DF2098815000DCBCAA /* ProfileViewController.swift */ = {isa = PBXFileReference; lastKnownFileType = sourcecode.swift; path = ProfileViewController.swift; sourceTree = "<group>"; };
		A05E35E22098819100DCBCAA /* AlertListViewController.swift */ = {isa = PBXFileReference; lastKnownFileType = sourcecode.swift; path = AlertListViewController.swift; sourceTree = "<group>"; };
		A07B5C0720B2A83B0025ED82 /* loading.json */ = {isa = PBXFileReference; fileEncoding = 4; lastKnownFileType = text.json; path = loading.json; sourceTree = "<group>"; };
		A07B5C0B20B2B0D40025ED82 /* 3d_rotate_loading_animation.json */ = {isa = PBXFileReference; fileEncoding = 4; lastKnownFileType = text.json; path = 3d_rotate_loading_animation.json; sourceTree = "<group>"; };
		A07B5C0F20B2B5F70025ED82 /* Trash.storyboard */ = {isa = PBXFileReference; lastKnownFileType = file.storyboard; path = Trash.storyboard; sourceTree = "<group>"; };
		A07B5C1620B3D2CB0025ED82 /* ScanSearchViewController.swift */ = {isa = PBXFileReference; lastKnownFileType = sourcecode.swift; path = ScanSearchViewController.swift; sourceTree = "<group>"; };
		A07B5C1820B460C90025ED82 /* TrashViewController.swift */ = {isa = PBXFileReference; lastKnownFileType = sourcecode.swift; path = TrashViewController.swift; sourceTree = "<group>"; };
		A07B5C1B20B460F30025ED82 /* TrashCollectionViewCell.swift */ = {isa = PBXFileReference; lastKnownFileType = sourcecode.swift; path = TrashCollectionViewCell.swift; sourceTree = "<group>"; };
		A07B5C1C20B460F30025ED82 /* TrashCollectionViewCell.xib */ = {isa = PBXFileReference; lastKnownFileType = file.xib; path = TrashCollectionViewCell.xib; sourceTree = "<group>"; };
		A0BD763320C514B0004A40A7 /* TotalViewController.swift */ = {isa = PBXFileReference; lastKnownFileType = sourcecode.swift; path = TotalViewController.swift; sourceTree = "<group>"; };
		A0BD763520C51520004A40A7 /* FoodViewController.swift */ = {isa = PBXFileReference; lastKnownFileType = sourcecode.swift; path = FoodViewController.swift; sourceTree = "<group>"; };
		A0BD763720C51547004A40A7 /* MedicineViewController.swift */ = {isa = PBXFileReference; lastKnownFileType = sourcecode.swift; path = MedicineViewController.swift; sourceTree = "<group>"; };
		A0BD763920C5157B004A40A7 /* MakeupViewController.swift */ = {isa = PBXFileReference; lastKnownFileType = sourcecode.swift; path = MakeupViewController.swift; sourceTree = "<group>"; };
		A0BD763B20C515C9004A40A7 /* NecessaryViewController.swift */ = {isa = PBXFileReference; lastKnownFileType = sourcecode.swift; path = NecessaryViewController.swift; sourceTree = "<group>"; };
		A0BD763D20C515DA004A40A7 /* OthersViewController.swift */ = {isa = PBXFileReference; lastKnownFileType = sourcecode.swift; path = OthersViewController.swift; sourceTree = "<group>"; };
		A0BD763F20C5162C004A40A7 /* TotalManager.swift */ = {isa = PBXFileReference; lastKnownFileType = sourcecode.swift; path = TotalManager.swift; sourceTree = "<group>"; };
		A0BD764620C63760004A40A7 /* ItemCategoryView.swift */ = {isa = PBXFileReference; lastKnownFileType = sourcecode.swift; path = ItemCategoryView.swift; sourceTree = "<group>"; };
		A0BD764B20C63CCD004A40A7 /* MedicineManager.swift */ = {isa = PBXFileReference; lastKnownFileType = sourcecode.swift; path = MedicineManager.swift; sourceTree = "<group>"; };
		A0BD764D20C63ED7004A40A7 /* DateHandler.swift */ = {isa = PBXFileReference; lastKnownFileType = sourcecode.swift; path = DateHandler.swift; sourceTree = "<group>"; };
		A0BD765020C65F04004A40A7 /* FoodManager.swift */ = {isa = PBXFileReference; lastKnownFileType = sourcecode.swift; path = FoodManager.swift; sourceTree = "<group>"; };
		A0BD765220C661C8004A40A7 /* MakeupManager.swift */ = {isa = PBXFileReference; lastKnownFileType = sourcecode.swift; path = MakeupManager.swift; sourceTree = "<group>"; };
		A0BD765420C661FE004A40A7 /* NecessaryManager.swift */ = {isa = PBXFileReference; lastKnownFileType = sourcecode.swift; path = NecessaryManager.swift; sourceTree = "<group>"; };
		A0BD765620C66242004A40A7 /* OthersManager.swift */ = {isa = PBXFileReference; lastKnownFileType = sourcecode.swift; path = OthersManager.swift; sourceTree = "<group>"; };
		A0BD765920C68927004A40A7 /* AllCategoryViewController.swift */ = {isa = PBXFileReference; lastKnownFileType = sourcecode.swift; path = AllCategoryViewController.swift; sourceTree = "<group>"; };
		A0BD767920C8BF63004A40A7 /* ABDropDownMenu.swift */ = {isa = PBXFileReference; lastKnownFileType = sourcecode.swift; path = ABDropDownMenu.swift; sourceTree = "<group>"; };
		A0C170E920AEFB2C009CBF18 /* EditViewController.swift */ = {isa = PBXFileReference; lastKnownFileType = sourcecode.swift; path = EditViewController.swift; sourceTree = "<group>"; };
/* End PBXFileReference section */

/* Begin PBXFrameworksBuildPhase section */
		A05E35922096EC2F00DCBCAA /* Frameworks */ = {
			isa = PBXFrameworksBuildPhase;
			buildActionMask = 2147483647;
			files = (
				CFF6BC532F9112AB8D90A707 /* Pods_project_2.framework in Frameworks */,
			);
			runOnlyForDeploymentPostprocessing = 0;
		};
/* End PBXFrameworksBuildPhase section */

/* Begin PBXGroup section */
		1250233FF9391E91FEF6A323 /* Frameworks */ = {
			isa = PBXGroup;
			children = (
				0571AB839F0255401469E6A3 /* Pods_project_2.framework */,
			);
			name = Frameworks;
			sourceTree = "<group>";
		};
		A002FD0920B9D0AC008C5D72 /* Login */ = {
			isa = PBXGroup;
			children = (
				A002FD0A20B9D0CE008C5D72 /* PrivacyTableViewCell.swift */,
			);
			path = Login;
			sourceTree = "<group>";
		};
		A003D1AF20AAD0CE005DE35A /* SearchItem */ = {
			isa = PBXGroup;
			children = (
				A003D1B020AAD0EC005DE35A /* SearchItemViewController.swift */,
				A07B5C1620B3D2CB0025ED82 /* ScanSearchViewController.swift */,
			);
			path = SearchItem;
			sourceTree = "<group>";
		};
		A009993720BE53FC00BA8655 /* AlertList */ = {
			isa = PBXGroup;
			children = (
				A009993820BE542E00BA8655 /* AlertTableViewCell.swift */,
			);
			path = AlertList;
			sourceTree = "<group>";
		};
		A02C7CE5209AE4B100B6E4FD /* Support */ = {
			isa = PBXGroup;
			children = (
				A05E35C520980F6100DCBCAA /* ReferenceCode.swift */,
				A02C7CE6209AE50600B6E4FD /* POMCollectionViewFlowLayout.swift */,
				A02C7CE8209AFFC800B6E4FD /* ItemList.swift */,
				A02C7D5320A0880E00B6E4FD /* ListCategory.swift */,
				A003D1B420AD8182005DE35A /* IKConstants.swift */,
			);
			path = Support;
			sourceTree = "<group>";
		};
		A02C7CEA209B0CBD00B6E4FD /* ItemList */ = {
			isa = PBXGroup;
			children = (
				A05E35D620984B2A00DCBCAA /* ItemListTableViewCell.swift */,
				A05E35D720984B2A00DCBCAA /* ItemListTableViewCell.xib */,
				A02C7CA12099A3A300B6E4FD /* CategoryCollectionViewCell.swift */,
				A02C7CA22099A3A300B6E4FD /* CategoryCollectionViewCell.xib */,
			);
			path = ItemList;
			sourceTree = "<group>";
		};
		A02C7CFE209CA80E00B6E4FD /* ItemDetail */ = {
			isa = PBXGroup;
			children = (
				A02C7D03209CABC900B6E4FD /* DetailUpTableViewCell.swift */,
				A02C7D04209CABC900B6E4FD /* DetailUpTableViewCell.xib */,
				A02C7D07209CAE3C00B6E4FD /* DetailDownTableViewCell.swift */,
				A02C7D08209CAE3C00B6E4FD /* DetailDownTableViewCell.xib */,
			);
			path = ItemDetail;
			sourceTree = "<group>";
		};
		A02C7D8420A32EFC00B6E4FD /* AddItem */ = {
			isa = PBXGroup;
			children = (
				A02C7D8020A2F55900B6E4FD /* AddItemViewController.swift */,
				A003D1AD20A9BBE4005DE35A /* AddImageViewController.swift */,
				A02C7D8620A3333100B6E4FD /* BarcodeScannerViewController.swift */,
			);
			path = AddItem;
			sourceTree = "<group>";
		};
		A05E358C2096EC2F00DCBCAA = {
			isa = PBXGroup;
			children = (
				A05E35972096EC2F00DCBCAA /* project_2 */,
				A05E35962096EC2F00DCBCAA /* Products */,
				AA7B011706A67130921D1B79 /* Pods */,
				1250233FF9391E91FEF6A323 /* Frameworks */,
			);
			sourceTree = "<group>";
		};
		A05E35962096EC2F00DCBCAA /* Products */ = {
			isa = PBXGroup;
			children = (
				A05E35952096EC2F00DCBCAA /* project_2.app */,
			);
			name = Products;
			sourceTree = "<group>";
		};
		A05E35972096EC2F00DCBCAA /* project_2 */ = {
			isa = PBXGroup;
			children = (
				A05E35AB2096F02200DCBCAA /* Model */,
				A05E35AC2096F02B00DCBCAA /* View */,
				A05E35AD2096F03400DCBCAA /* Controller */,
				A05E35AA2096EFFA00DCBCAA /* Storyboard */,
				A05E35C220971D4C00DCBCAA /* Extension */,
				A02C7CE5209AE4B100B6E4FD /* Support */,
				A05E359F2096EC3000DCBCAA /* Assets.xcassets */,
				A05E35982096EC2F00DCBCAA /* AppDelegate.swift */,
				A07B5C0B20B2B0D40025ED82 /* 3d_rotate_loading_animation.json */,
				A07B5C0720B2A83B0025ED82 /* loading.json */,
				A001F92020C3C51E005DF0D4 /* loader_animation.json */,
				A05E35A12096EC3000DCBCAA /* LaunchScreen.storyboard */,
				A009990F20BBDD7C00BA8655 /* GoogleService-Info.plist */,
				A05E35A42096EC3000DCBCAA /* Info.plist */,
			);
			path = project_2;
			sourceTree = "<group>";
		};
		A05E35AA2096EFFA00DCBCAA /* Storyboard */ = {
			isa = PBXGroup;
			children = (
				A05E359C2096EC2F00DCBCAA /* Main.storyboard */,
				A05E35AE2096F0BD00DCBCAA /* Login.storyboard */,
				A05E35C72098139E00DCBCAA /* ItemList.storyboard */,
				A02C7D7E20A2F3AE00B6E4FD /* ItemDetail.storyboard */,
				A02C7D8220A2FC1600B6E4FD /* AddItem.storyboard */,
				A05E35D4209832E100DCBCAA /* AlertList.storyboard */,
				A07B5C0F20B2B5F70025ED82 /* Trash.storyboard */,
			);
			path = Storyboard;
			sourceTree = "<group>";
		};
		A05E35AB2096F02200DCBCAA /* Model */ = {
			isa = PBXGroup;
			children = (
				A0BD764F20C65BA4004A40A7 /* CategoryManager */,
				A003D1B220AD77BA005DE35A /* LoginManager.swift */,
				A0BD764D20C63ED7004A40A7 /* DateHandler.swift */,
				A003D1A920A9489B005DE35A /* FirebaseManager.swift */,
				A0BD763F20C5162C004A40A7 /* TotalManager.swift */,
				A009993120BD89AE00BA8655 /* RealmManager.swift */,
			);
			path = Model;
			sourceTree = "<group>";
		};
		A05E35AC2096F02B00DCBCAA /* View */ = {
			isa = PBXGroup;
			children = (
				A0BD764520C63749004A40A7 /* ItemCategoryView */,
				A002FD0920B9D0AC008C5D72 /* Login */,
				A02C7CEA209B0CBD00B6E4FD /* ItemList */,
				A02C7CFE209CA80E00B6E4FD /* ItemDetail */,
				A07B5C1A20B460DB0025ED82 /* Trash */,
				A009993720BE53FC00BA8655 /* AlertList */,
				A0BD767920C8BF63004A40A7 /* ABDropDownMenu.swift */,
			);
			path = View;
			sourceTree = "<group>";
		};
		A05E35AD2096F03400DCBCAA /* Controller */ = {
			isa = PBXGroup;
			children = (
				A05E35B02096F12900DCBCAA /* Login */,
				A05E35C9209813B100DCBCAA /* Item */,
				A003D1AF20AAD0CE005DE35A /* SearchItem */,
				A02C7D8420A32EFC00B6E4FD /* AddItem */,
				A07B5C1120B2B7800025ED82 /* Trash */,
				A05E35E12098817500DCBCAA /* AlertList */,
				A05E35DE2098813600DCBCAA /* Profile */,
				A05E35B12096F1A300DCBCAA /* TabBar */,
			);
			path = Controller;
			sourceTree = "<group>";
		};
		A05E35B02096F12900DCBCAA /* Login */ = {
			isa = PBXGroup;
			children = (
				A05E359A2096EC2F00DCBCAA /* LoginViewController.swift */,
				A05E35BC2097011D00DCBCAA /* RegisterViewController.swift */,
				A002FD0720B9C8A6008C5D72 /* PrivacyViewController.swift */,
			);
			path = Login;
			sourceTree = "<group>";
		};
		A05E35B12096F1A300DCBCAA /* TabBar */ = {
			isa = PBXGroup;
			children = (
				A05E35B62096F35500DCBCAA /* TabBarViewController.swift */,
			);
			path = TabBar;
			sourceTree = "<group>";
		};
		A05E35C220971D4C00DCBCAA /* Extension */ = {
			isa = PBXGroup;
			children = (
				A05E35C320971D8600DCBCAA /* UIStoryboard_abby.swift */,
				A002FD0520B73DDC008C5D72 /* UIView+Blur.swift */,
				A009993320BD92B500BA8655 /* CAGradientLayer_abby.swift */,
				A009993520BD932A00BA8655 /* UNNotificationAttachment_abby.swift */,
			);
			path = Extension;
			sourceTree = "<group>";
		};
		A05E35C9209813B100DCBCAA /* Item */ = {
			isa = PBXGroup;
			children = (
				A05E35CA2098146C00DCBCAA /* ItemListViewController.swift */,
				A0BD765920C68927004A40A7 /* AllCategoryViewController.swift */,
				A02C7D39209EE5B400B6E4FD /* ItemCategoryViewController.swift */,
				A02C7CF5209C5F4400B6E4FD /* DetailViewController.swift */,
				A0C170E920AEFB2C009CBF18 /* EditViewController.swift */,
				A0BD765820C667B8004A40A7 /* ItemCategory */,
			);
			path = Item;
			sourceTree = "<group>";
		};
		A05E35DE2098813600DCBCAA /* Profile */ = {
			isa = PBXGroup;
			children = (
				A05E35DF2098815000DCBCAA /* ProfileViewController.swift */,
			);
			path = Profile;
			sourceTree = "<group>";
		};
		A05E35E12098817500DCBCAA /* AlertList */ = {
			isa = PBXGroup;
			children = (
				A05E35E22098819100DCBCAA /* AlertListViewController.swift */,
			);
			path = AlertList;
			sourceTree = "<group>";
		};
		A07B5C1120B2B7800025ED82 /* Trash */ = {
			isa = PBXGroup;
			children = (
				A07B5C1820B460C90025ED82 /* TrashViewController.swift */,
			);
			path = Trash;
			sourceTree = "<group>";
		};
		A07B5C1A20B460DB0025ED82 /* Trash */ = {
			isa = PBXGroup;
			children = (
				A07B5C1B20B460F30025ED82 /* TrashCollectionViewCell.swift */,
				A07B5C1C20B460F30025ED82 /* TrashCollectionViewCell.xib */,
			);
			path = Trash;
			sourceTree = "<group>";
		};
		A0BD764520C63749004A40A7 /* ItemCategoryView */ = {
			isa = PBXGroup;
			children = (
				A0BD764620C63760004A40A7 /* ItemCategoryView.swift */,
			);
			path = ItemCategoryView;
			sourceTree = "<group>";
		};
		A0BD764F20C65BA4004A40A7 /* CategoryManager */ = {
			isa = PBXGroup;
			children = (
				A0BD765020C65F04004A40A7 /* FoodManager.swift */,
				A0BD764B20C63CCD004A40A7 /* MedicineManager.swift */,
				A0BD765220C661C8004A40A7 /* MakeupManager.swift */,
				A0BD765420C661FE004A40A7 /* NecessaryManager.swift */,
				A0BD765620C66242004A40A7 /* OthersManager.swift */,
			);
			path = CategoryManager;
			sourceTree = "<group>";
		};
		A0BD765820C667B8004A40A7 /* ItemCategory */ = {
			isa = PBXGroup;
			children = (
				A0BD763320C514B0004A40A7 /* TotalViewController.swift */,
				A0BD763520C51520004A40A7 /* FoodViewController.swift */,
				A0BD763720C51547004A40A7 /* MedicineViewController.swift */,
				A0BD763920C5157B004A40A7 /* MakeupViewController.swift */,
				A0BD763B20C515C9004A40A7 /* NecessaryViewController.swift */,
				A0BD763D20C515DA004A40A7 /* OthersViewController.swift */,
			);
			path = ItemCategory;
			sourceTree = "<group>";
		};
		AA7B011706A67130921D1B79 /* Pods */ = {
			isa = PBXGroup;
			children = (
				1A0C923A29A77B3FEFA5512B /* Pods-project_2.debug.xcconfig */,
				0DE3906EB93097C3ADB215CF /* Pods-project_2.release.xcconfig */,
			);
			name = Pods;
			sourceTree = "<group>";
		};
/* End PBXGroup section */

/* Begin PBXNativeTarget section */
		A05E35942096EC2F00DCBCAA /* project_2 */ = {
			isa = PBXNativeTarget;
			buildConfigurationList = A05E35A72096EC3000DCBCAA /* Build configuration list for PBXNativeTarget "project_2" */;
			buildPhases = (
				56D49D59D6A7C6A184C4427E /* [CP] Check Pods Manifest.lock */,
				A02C7CA02099931000B6E4FD /* ShellScript */,
				A05E35912096EC2F00DCBCAA /* Sources */,
				A05E35922096EC2F00DCBCAA /* Frameworks */,
				A05E35932096EC2F00DCBCAA /* Resources */,
				31A00893E1B96BDAB66845D1 /* [CP] Embed Pods Frameworks */,
				1F7B4AB317789F0EB9AFD516 /* [CP] Copy Pods Resources */,
				A009990E20BBD47F00BA8655 /* ShellScript */,
			);
			buildRules = (
			);
			dependencies = (
			);
			name = project_2;
			productName = project_2;
			productReference = A05E35952096EC2F00DCBCAA /* project_2.app */;
			productType = "com.apple.product-type.application";
		};
/* End PBXNativeTarget section */

/* Begin PBXProject section */
		A05E358D2096EC2F00DCBCAA /* Project object */ = {
			isa = PBXProject;
			attributes = {
				LastSwiftUpdateCheck = 0930;
				LastUpgradeCheck = 0930;
				ORGANIZATIONNAME = "李思瑩";
				TargetAttributes = {
					A05E35942096EC2F00DCBCAA = {
						CreatedOnToolsVersion = 9.3;
					};
				};
			};
			buildConfigurationList = A05E35902096EC2F00DCBCAA /* Build configuration list for PBXProject "project_2" */;
			compatibilityVersion = "Xcode 9.3";
			developmentRegion = en;
			hasScannedForEncodings = 0;
			knownRegions = (
				en,
				Base,
			);
			mainGroup = A05E358C2096EC2F00DCBCAA;
			productRefGroup = A05E35962096EC2F00DCBCAA /* Products */;
			projectDirPath = "";
			projectRoot = "";
			targets = (
				A05E35942096EC2F00DCBCAA /* project_2 */,
			);
		};
/* End PBXProject section */

/* Begin PBXResourcesBuildPhase section */
		A05E35932096EC2F00DCBCAA /* Resources */ = {
			isa = PBXResourcesBuildPhase;
			buildActionMask = 2147483647;
			files = (
				A05E35AF2096F0BD00DCBCAA /* Login.storyboard in Resources */,
				A05E35A32096EC3000DCBCAA /* LaunchScreen.storyboard in Resources */,
				A07B5C0C20B2B0D40025ED82 /* 3d_rotate_loading_animation.json in Resources */,
				A001F92120C3C51E005DF0D4 /* loader_animation.json in Resources */,
				A02C7D7F20A2F3AE00B6E4FD /* ItemDetail.storyboard in Resources */,
				A05E35C82098139E00DCBCAA /* ItemList.storyboard in Resources */,
				A05E35A02096EC3000DCBCAA /* Assets.xcassets in Resources */,
				A07B5C1020B2B5F70025ED82 /* Trash.storyboard in Resources */,
				A02C7D06209CABC900B6E4FD /* DetailUpTableViewCell.xib in Resources */,
				A07B5C1E20B460F30025ED82 /* TrashCollectionViewCell.xib in Resources */,
				A02C7CA42099A3A300B6E4FD /* CategoryCollectionViewCell.xib in Resources */,
				A02C7D8320A2FC1600B6E4FD /* AddItem.storyboard in Resources */,
				A02C7D0A209CAE3C00B6E4FD /* DetailDownTableViewCell.xib in Resources */,
				A05E359E2096EC2F00DCBCAA /* Main.storyboard in Resources */,
				A009991020BBDD7C00BA8655 /* GoogleService-Info.plist in Resources */,
				A05E35D920984B2A00DCBCAA /* ItemListTableViewCell.xib in Resources */,
				A05E35D5209832E100DCBCAA /* AlertList.storyboard in Resources */,
				A07B5C0820B2A83B0025ED82 /* loading.json in Resources */,
			);
			runOnlyForDeploymentPostprocessing = 0;
		};
/* End PBXResourcesBuildPhase section */

/* Begin PBXShellScriptBuildPhase section */
		1F7B4AB317789F0EB9AFD516 /* [CP] Copy Pods Resources */ = {
			isa = PBXShellScriptBuildPhase;
			buildActionMask = 2147483647;
			files = (
			);
			inputPaths = (
				"${SRCROOT}/Pods/Target Support Files/Pods-project_2/Pods-project_2-resources.sh",
				"${PODS_CONFIGURATION_BUILD_DIR}/FirebaseUI/FirebaseAuthUI.bundle",
			);
			name = "[CP] Copy Pods Resources";
			outputPaths = (
				"${TARGET_BUILD_DIR}/${UNLOCALIZED_RESOURCES_FOLDER_PATH}/FirebaseAuthUI.bundle",
			);
			runOnlyForDeploymentPostprocessing = 0;
			shellPath = /bin/sh;
			shellScript = "\"${SRCROOT}/Pods/Target Support Files/Pods-project_2/Pods-project_2-resources.sh\"\n";
			showEnvVarsInLog = 0;
		};
		31A00893E1B96BDAB66845D1 /* [CP] Embed Pods Frameworks */ = {
			isa = PBXShellScriptBuildPhase;
			buildActionMask = 2147483647;
			files = (
			);
			inputPaths = (
				"${SRCROOT}/Pods/Target Support Files/Pods-project_2/Pods-project_2-frameworks.sh",
				"${BUILT_PRODUCTS_DIR}/GTMSessionFetcher/GTMSessionFetcher.framework",
				"${BUILT_PRODUCTS_DIR}/GoogleToolboxForMac/GoogleToolboxForMac.framework",
				"${BUILT_PRODUCTS_DIR}/IQKeyboardManagerSwift/IQKeyboardManagerSwift.framework",
				"${BUILT_PRODUCTS_DIR}/ParallaxHeader/ParallaxHeader.framework",
				"${BUILT_PRODUCTS_DIR}/Realm/Realm.framework",
				"${BUILT_PRODUCTS_DIR}/RealmSwift/RealmSwift.framework",
				"${BUILT_PRODUCTS_DIR}/SDWebImage/SDWebImage.framework",
				"${BUILT_PRODUCTS_DIR}/SnapKit/SnapKit.framework",
				"${BUILT_PRODUCTS_DIR}/ZHDropDownMenu/ZHDropDownMenu.framework",
				"${BUILT_PRODUCTS_DIR}/leveldb-library/leveldb.framework",
				"${BUILT_PRODUCTS_DIR}/lottie-ios/Lottie.framework",
				"${BUILT_PRODUCTS_DIR}/nanopb/nanopb.framework",
			);
			name = "[CP] Embed Pods Frameworks";
			outputPaths = (
				"${TARGET_BUILD_DIR}/${FRAMEWORKS_FOLDER_PATH}/GTMSessionFetcher.framework",
				"${TARGET_BUILD_DIR}/${FRAMEWORKS_FOLDER_PATH}/GoogleToolboxForMac.framework",
				"${TARGET_BUILD_DIR}/${FRAMEWORKS_FOLDER_PATH}/IQKeyboardManagerSwift.framework",
				"${TARGET_BUILD_DIR}/${FRAMEWORKS_FOLDER_PATH}/ParallaxHeader.framework",
				"${TARGET_BUILD_DIR}/${FRAMEWORKS_FOLDER_PATH}/Realm.framework",
				"${TARGET_BUILD_DIR}/${FRAMEWORKS_FOLDER_PATH}/RealmSwift.framework",
				"${TARGET_BUILD_DIR}/${FRAMEWORKS_FOLDER_PATH}/SDWebImage.framework",
				"${TARGET_BUILD_DIR}/${FRAMEWORKS_FOLDER_PATH}/SnapKit.framework",
				"${TARGET_BUILD_DIR}/${FRAMEWORKS_FOLDER_PATH}/ZHDropDownMenu.framework",
				"${TARGET_BUILD_DIR}/${FRAMEWORKS_FOLDER_PATH}/leveldb.framework",
				"${TARGET_BUILD_DIR}/${FRAMEWORKS_FOLDER_PATH}/Lottie.framework",
				"${TARGET_BUILD_DIR}/${FRAMEWORKS_FOLDER_PATH}/nanopb.framework",
			);
			runOnlyForDeploymentPostprocessing = 0;
			shellPath = /bin/sh;
			shellScript = "\"${SRCROOT}/Pods/Target Support Files/Pods-project_2/Pods-project_2-frameworks.sh\"\n";
			showEnvVarsInLog = 0;
		};
		56D49D59D6A7C6A184C4427E /* [CP] Check Pods Manifest.lock */ = {
			isa = PBXShellScriptBuildPhase;
			buildActionMask = 2147483647;
			files = (
			);
			inputPaths = (
				"${PODS_PODFILE_DIR_PATH}/Podfile.lock",
				"${PODS_ROOT}/Manifest.lock",
			);
			name = "[CP] Check Pods Manifest.lock";
			outputPaths = (
				"$(DERIVED_FILE_DIR)/Pods-project_2-checkManifestLockResult.txt",
			);
			runOnlyForDeploymentPostprocessing = 0;
			shellPath = /bin/sh;
			shellScript = "diff \"${PODS_PODFILE_DIR_PATH}/Podfile.lock\" \"${PODS_ROOT}/Manifest.lock\" > /dev/null\nif [ $? != 0 ] ; then\n    # print error to STDERR\n    echo \"error: The sandbox is not in sync with the Podfile.lock. Run 'pod install' or update your CocoaPods installation.\" >&2\n    exit 1\nfi\n# This output is used by Xcode 'outputs' to avoid re-running this script phase.\necho \"SUCCESS\" > \"${SCRIPT_OUTPUT_FILE_0}\"\n";
			showEnvVarsInLog = 0;
		};
		A009990E20BBD47F00BA8655 /* ShellScript */ = {
			isa = PBXShellScriptBuildPhase;
			buildActionMask = 2147483647;
			files = (
			);
			inputPaths = (
			);
			outputPaths = (
			);
			runOnlyForDeploymentPostprocessing = 0;
			shellPath = /bin/sh;
			shellScript = "\"${PODS_ROOT}/Fabric/run\" ba100f34f6d8e7da46557a5b79aa7638eac49c37 43569c807f5032ae31fea619ac1aecf94d6ea2f353a943695c339d1d7054de02";
		};
		A02C7CA02099931000B6E4FD /* ShellScript */ = {
			isa = PBXShellScriptBuildPhase;
			buildActionMask = 2147483647;
			files = (
			);
			inputPaths = (
			);
			outputPaths = (
			);
			runOnlyForDeploymentPostprocessing = 0;
			shellPath = /bin/sh;
			shellScript = "\"${PODS_ROOT}/SwiftLint/swiftlint\"";
		};
/* End PBXShellScriptBuildPhase section */

/* Begin PBXSourcesBuildPhase section */
		A05E35912096EC2F00DCBCAA /* Sources */ = {
			isa = PBXSourcesBuildPhase;
			buildActionMask = 2147483647;
			files = (
				A05E35CB2098146C00DCBCAA /* ItemListViewController.swift in Sources */,
				A05E35D820984B2A00DCBCAA /* ItemListTableViewCell.swift in Sources */,
				A009993220BD89AE00BA8655 /* RealmManager.swift in Sources */,
				A0BD765720C66242004A40A7 /* OthersManager.swift in Sources */,
				A0BD764E20C63ED7004A40A7 /* DateHandler.swift in Sources */,
				A02C7D8120A2F55900B6E4FD /* AddItemViewController.swift in Sources */,
				A05E35C620980F6100DCBCAA /* ReferenceCode.swift in Sources */,
				A0BD764020C5162C004A40A7 /* TotalManager.swift in Sources */,
				A003D1B120AAD0EC005DE35A /* SearchItemViewController.swift in Sources */,
				A009993620BD932A00BA8655 /* UNNotificationAttachment_abby.swift in Sources */,
				A02C7D09209CAE3C00B6E4FD /* DetailDownTableViewCell.swift in Sources */,
				A05E359B2096EC2F00DCBCAA /* LoginViewController.swift in Sources */,
				A02C7D05209CABC900B6E4FD /* DetailUpTableViewCell.swift in Sources */,
				A05E35B72096F35500DCBCAA /* TabBarViewController.swift in Sources */,
				A02C7D5420A0880E00B6E4FD /* ListCategory.swift in Sources */,
				A02C7CF6209C5F4400B6E4FD /* DetailViewController.swift in Sources */,
				A02C7CE7209AE50600B6E4FD /* POMCollectionViewFlowLayout.swift in Sources */,
				A02C7D8720A3333100B6E4FD /* BarcodeScannerViewController.swift in Sources */,
				A0BD763A20C5157B004A40A7 /* MakeupViewController.swift in Sources */,
				A002FD0620B73DDC008C5D72 /* UIView+Blur.swift in Sources */,
				A0BD765520C661FE004A40A7 /* NecessaryManager.swift in Sources */,
				A003D1B520AD8182005DE35A /* IKConstants.swift in Sources */,
				A07B5C1D20B460F30025ED82 /* TrashCollectionViewCell.swift in Sources */,
				A009993920BE542E00BA8655 /* AlertTableViewCell.swift in Sources */,
				A0BD767A20C8BF63004A40A7 /* ABDropDownMenu.swift in Sources */,
				A02C7CA32099A3A300B6E4FD /* CategoryCollectionViewCell.swift in Sources */,
				A0BD765A20C68927004A40A7 /* AllCategoryViewController.swift in Sources */,
				A05E35992096EC2F00DCBCAA /* AppDelegate.swift in Sources */,
				A003D1AA20A9489B005DE35A /* FirebaseManager.swift in Sources */,
				A002FD0820B9C8A6008C5D72 /* PrivacyViewController.swift in Sources */,
				A07B5C1920B460C90025ED82 /* TrashViewController.swift in Sources */,
				A0BD763C20C515C9004A40A7 /* NecessaryViewController.swift in Sources */,
				A0BD763820C51547004A40A7 /* MedicineViewController.swift in Sources */,
				A05E35E02098815000DCBCAA /* ProfileViewController.swift in Sources */,
				A009993420BD92B500BA8655 /* CAGradientLayer_abby.swift in Sources */,
				A0BD763E20C515DA004A40A7 /* OthersViewController.swift in Sources */,
				A002FD0B20B9D0CE008C5D72 /* PrivacyTableViewCell.swift in Sources */,
				A0C170EA20AEFB2C009CBF18 /* EditViewController.swift in Sources */,
				A05E35C420971D8600DCBCAA /* UIStoryboard_abby.swift in Sources */,
				A05E35BD2097011D00DCBCAA /* RegisterViewController.swift in Sources */,
				A003D1B320AD77BA005DE35A /* LoginManager.swift in Sources */,
				A02C7CE9209AFFC800B6E4FD /* ItemList.swift in Sources */,
				A0BD763620C51520004A40A7 /* FoodViewController.swift in Sources */,
				A0BD764C20C63CCD004A40A7 /* MedicineManager.swift in Sources */,
				A07B5C1720B3D2CB0025ED82 /* ScanSearchViewController.swift in Sources */,
				A0BD764720C63760004A40A7 /* ItemCategoryView.swift in Sources */,
				A02C7D3A209EE5B400B6E4FD /* ItemCategoryViewController.swift in Sources */,
				A003D1AE20A9BBE4005DE35A /* AddImageViewController.swift in Sources */,
				A05E35E32098819100DCBCAA /* AlertListViewController.swift in Sources */,
				A0BD763420C514B0004A40A7 /* TotalViewController.swift in Sources */,
				A0BD765120C65F04004A40A7 /* FoodManager.swift in Sources */,
				A0BD765320C661C8004A40A7 /* MakeupManager.swift in Sources */,
			);
			runOnlyForDeploymentPostprocessing = 0;
		};
/* End PBXSourcesBuildPhase section */

/* Begin PBXVariantGroup section */
		A05E359C2096EC2F00DCBCAA /* Main.storyboard */ = {
			isa = PBXVariantGroup;
			children = (
				A05E359D2096EC2F00DCBCAA /* Base */,
			);
			name = Main.storyboard;
			sourceTree = "<group>";
		};
		A05E35A12096EC3000DCBCAA /* LaunchScreen.storyboard */ = {
			isa = PBXVariantGroup;
			children = (
				A05E35A22096EC3000DCBCAA /* Base */,
			);
			name = LaunchScreen.storyboard;
			sourceTree = "<group>";
		};
/* End PBXVariantGroup section */

/* Begin XCBuildConfiguration section */
		A05E35A52096EC3000DCBCAA /* Debug */ = {
			isa = XCBuildConfiguration;
			buildSettings = {
				ALWAYS_SEARCH_USER_PATHS = NO;
				CLANG_ANALYZER_NONNULL = YES;
				CLANG_ANALYZER_NUMBER_OBJECT_CONVERSION = YES_AGGRESSIVE;
				CLANG_CXX_LANGUAGE_STANDARD = "gnu++14";
				CLANG_CXX_LIBRARY = "libc++";
				CLANG_ENABLE_MODULES = YES;
				CLANG_ENABLE_OBJC_ARC = YES;
				CLANG_ENABLE_OBJC_WEAK = YES;
				CLANG_WARN_BLOCK_CAPTURE_AUTORELEASING = YES;
				CLANG_WARN_BOOL_CONVERSION = YES;
				CLANG_WARN_COMMA = YES;
				CLANG_WARN_CONSTANT_CONVERSION = YES;
				CLANG_WARN_DEPRECATED_OBJC_IMPLEMENTATIONS = YES;
				CLANG_WARN_DIRECT_OBJC_ISA_USAGE = YES_ERROR;
				CLANG_WARN_DOCUMENTATION_COMMENTS = YES;
				CLANG_WARN_EMPTY_BODY = YES;
				CLANG_WARN_ENUM_CONVERSION = YES;
				CLANG_WARN_INFINITE_RECURSION = YES;
				CLANG_WARN_INT_CONVERSION = YES;
				CLANG_WARN_NON_LITERAL_NULL_CONVERSION = YES;
				CLANG_WARN_OBJC_IMPLICIT_RETAIN_SELF = YES;
				CLANG_WARN_OBJC_LITERAL_CONVERSION = YES;
				CLANG_WARN_OBJC_ROOT_CLASS = YES_ERROR;
				CLANG_WARN_RANGE_LOOP_ANALYSIS = YES;
				CLANG_WARN_STRICT_PROTOTYPES = YES;
				CLANG_WARN_SUSPICIOUS_MOVE = YES;
				CLANG_WARN_UNGUARDED_AVAILABILITY = YES_AGGRESSIVE;
				CLANG_WARN_UNREACHABLE_CODE = YES;
				CLANG_WARN__DUPLICATE_METHOD_MATCH = YES;
				CODE_SIGN_IDENTITY = "iPhone Developer";
				COPY_PHASE_STRIP = NO;
				DEBUG_INFORMATION_FORMAT = dwarf;
				ENABLE_STRICT_OBJC_MSGSEND = YES;
				ENABLE_TESTABILITY = YES;
				GCC_C_LANGUAGE_STANDARD = gnu11;
				GCC_DYNAMIC_NO_PIC = NO;
				GCC_NO_COMMON_BLOCKS = YES;
				GCC_OPTIMIZATION_LEVEL = 0;
				GCC_PREPROCESSOR_DEFINITIONS = (
					"DEBUG=1",
					"$(inherited)",
				);
				GCC_WARN_64_TO_32_BIT_CONVERSION = YES;
				GCC_WARN_ABOUT_RETURN_TYPE = YES_ERROR;
				GCC_WARN_UNDECLARED_SELECTOR = YES;
				GCC_WARN_UNINITIALIZED_AUTOS = YES_AGGRESSIVE;
				GCC_WARN_UNUSED_FUNCTION = YES;
				GCC_WARN_UNUSED_VARIABLE = YES;
				IPHONEOS_DEPLOYMENT_TARGET = 11.3;
				MTL_ENABLE_DEBUG_INFO = YES;
				ONLY_ACTIVE_ARCH = YES;
				SDKROOT = iphoneos;
				SWIFT_ACTIVE_COMPILATION_CONDITIONS = DEBUG;
				SWIFT_OPTIMIZATION_LEVEL = "-Onone";
			};
			name = Debug;
		};
		A05E35A62096EC3000DCBCAA /* Release */ = {
			isa = XCBuildConfiguration;
			buildSettings = {
				ALWAYS_SEARCH_USER_PATHS = NO;
				CLANG_ANALYZER_NONNULL = YES;
				CLANG_ANALYZER_NUMBER_OBJECT_CONVERSION = YES_AGGRESSIVE;
				CLANG_CXX_LANGUAGE_STANDARD = "gnu++14";
				CLANG_CXX_LIBRARY = "libc++";
				CLANG_ENABLE_MODULES = YES;
				CLANG_ENABLE_OBJC_ARC = YES;
				CLANG_ENABLE_OBJC_WEAK = YES;
				CLANG_WARN_BLOCK_CAPTURE_AUTORELEASING = YES;
				CLANG_WARN_BOOL_CONVERSION = YES;
				CLANG_WARN_COMMA = YES;
				CLANG_WARN_CONSTANT_CONVERSION = YES;
				CLANG_WARN_DEPRECATED_OBJC_IMPLEMENTATIONS = YES;
				CLANG_WARN_DIRECT_OBJC_ISA_USAGE = YES_ERROR;
				CLANG_WARN_DOCUMENTATION_COMMENTS = YES;
				CLANG_WARN_EMPTY_BODY = YES;
				CLANG_WARN_ENUM_CONVERSION = YES;
				CLANG_WARN_INFINITE_RECURSION = YES;
				CLANG_WARN_INT_CONVERSION = YES;
				CLANG_WARN_NON_LITERAL_NULL_CONVERSION = YES;
				CLANG_WARN_OBJC_IMPLICIT_RETAIN_SELF = YES;
				CLANG_WARN_OBJC_LITERAL_CONVERSION = YES;
				CLANG_WARN_OBJC_ROOT_CLASS = YES_ERROR;
				CLANG_WARN_RANGE_LOOP_ANALYSIS = YES;
				CLANG_WARN_STRICT_PROTOTYPES = YES;
				CLANG_WARN_SUSPICIOUS_MOVE = YES;
				CLANG_WARN_UNGUARDED_AVAILABILITY = YES_AGGRESSIVE;
				CLANG_WARN_UNREACHABLE_CODE = YES;
				CLANG_WARN__DUPLICATE_METHOD_MATCH = YES;
				CODE_SIGN_IDENTITY = "iPhone Developer";
				COPY_PHASE_STRIP = NO;
				DEBUG_INFORMATION_FORMAT = "dwarf-with-dsym";
				ENABLE_NS_ASSERTIONS = NO;
				ENABLE_STRICT_OBJC_MSGSEND = YES;
				GCC_C_LANGUAGE_STANDARD = gnu11;
				GCC_NO_COMMON_BLOCKS = YES;
				GCC_WARN_64_TO_32_BIT_CONVERSION = YES;
				GCC_WARN_ABOUT_RETURN_TYPE = YES_ERROR;
				GCC_WARN_UNDECLARED_SELECTOR = YES;
				GCC_WARN_UNINITIALIZED_AUTOS = YES_AGGRESSIVE;
				GCC_WARN_UNUSED_FUNCTION = YES;
				GCC_WARN_UNUSED_VARIABLE = YES;
				IPHONEOS_DEPLOYMENT_TARGET = 11.3;
				MTL_ENABLE_DEBUG_INFO = NO;
				SDKROOT = iphoneos;
				SWIFT_COMPILATION_MODE = wholemodule;
				SWIFT_OPTIMIZATION_LEVEL = "-O";
				VALIDATE_PRODUCT = YES;
			};
			name = Release;
		};
		A05E35A82096EC3000DCBCAA /* Debug */ = {
			isa = XCBuildConfiguration;
			baseConfigurationReference = 1A0C923A29A77B3FEFA5512B /* Pods-project_2.debug.xcconfig */;
			buildSettings = {
				ASSETCATALOG_COMPILER_APPICON_NAME = AppIcon;
				CODE_SIGN_STYLE = Automatic;
				DEVELOPMENT_TEAM = U5RD5V4SMU;
				INFOPLIST_FILE = project_2/Info.plist;
				IPHONEOS_DEPLOYMENT_TARGET = 11.0;
				LD_RUNPATH_SEARCH_PATHS = (
					"$(inherited)",
					"@executable_path/Frameworks",
				);
				PRODUCT_BUNDLE_IDENTIFIER = lsyabby.ItemKeeper;
				PRODUCT_NAME = "$(TARGET_NAME)";
				SWIFT_VERSION = 4.0;
				TARGETED_DEVICE_FAMILY = 1;
			};
			name = Debug;
		};
		A05E35A92096EC3000DCBCAA /* Release */ = {
			isa = XCBuildConfiguration;
			baseConfigurationReference = 0DE3906EB93097C3ADB215CF /* Pods-project_2.release.xcconfig */;
			buildSettings = {
				ASSETCATALOG_COMPILER_APPICON_NAME = AppIcon;
				CODE_SIGN_STYLE = Automatic;
				DEVELOPMENT_TEAM = U5RD5V4SMU;
				INFOPLIST_FILE = project_2/Info.plist;
				IPHONEOS_DEPLOYMENT_TARGET = 11.0;
				LD_RUNPATH_SEARCH_PATHS = (
					"$(inherited)",
					"@executable_path/Frameworks",
				);
				PRODUCT_BUNDLE_IDENTIFIER = lsyabby.ItemKeeper;
				PRODUCT_NAME = "$(TARGET_NAME)";
				SWIFT_VERSION = 4.0;
				TARGETED_DEVICE_FAMILY = 1;
			};
			name = Release;
		};
/* End XCBuildConfiguration section */

/* Begin XCConfigurationList section */
		A05E35902096EC2F00DCBCAA /* Build configuration list for PBXProject "project_2" */ = {
			isa = XCConfigurationList;
			buildConfigurations = (
				A05E35A52096EC3000DCBCAA /* Debug */,
				A05E35A62096EC3000DCBCAA /* Release */,
			);
			defaultConfigurationIsVisible = 0;
			defaultConfigurationName = Release;
		};
		A05E35A72096EC3000DCBCAA /* Build configuration list for PBXNativeTarget "project_2" */ = {
			isa = XCConfigurationList;
			buildConfigurations = (
				A05E35A82096EC3000DCBCAA /* Debug */,
				A05E35A92096EC3000DCBCAA /* Release */,
			);
			defaultConfigurationIsVisible = 0;
			defaultConfigurationName = Release;
		};
/* End XCConfigurationList section */
	};
	rootObject = A05E358D2096EC2F00DCBCAA /* Project object */;
}
